// !$*UTF8*$!
{
	archiveVersion = 1;
	classes = {
	};
	objectVersion = 46;
	objects = {

/* Begin PBXBuildFile section */
		062C2D588407A7288D3D827A /* libPods.a in Frameworks */ = {isa = PBXBuildFile; fileRef = E5072E4E02B11ED1DD3C68AE /* libPods.a */; };
		0A5697DE1CCF039600F55397 /* UIView+WF.m in Sources */ = {isa = PBXBuildFile; fileRef = 0A5697DD1CCF039600F55397 /* UIView+WF.m */; };
		0A5697E21CCF03DC00F55397 /* ZKHttpTools.m in Sources */ = {isa = PBXBuildFile; fileRef = 0A5697E11CCF03DC00F55397 /* ZKHttpTools.m */; };
		0A5697E51CCF04C300F55397 /* NSObject+ZKWebString.m in Sources */ = {isa = PBXBuildFile; fileRef = 0A5697E41CCF04C300F55397 /* NSObject+ZKWebString.m */; };
		0A5B8ECE1CE06231001C1940 /* ZKTypeCollection.m in Sources */ = {isa = PBXBuildFile; fileRef = 0A5B8ECD1CE06231001C1940 /* ZKTypeCollection.m */; };
		0A5B8ED11CE07099001C1940 /* ZKSearchDisplayController.m in Sources */ = {isa = PBXBuildFile; fileRef = 0A5B8ED01CE07099001C1940 /* ZKSearchDisplayController.m */; };
		0A5B8ED41CE076D3001C1940 /* ZKCollectionTypeCell.m in Sources */ = {isa = PBXBuildFile; fileRef = 0A5B8ED31CE076D3001C1940 /* ZKCollectionTypeCell.m */; };
		0A5B8ED71CE183D4001C1940 /* ZKTypeModel.m in Sources */ = {isa = PBXBuildFile; fileRef = 0A5B8ED61CE183D4001C1940 /* ZKTypeModel.m */; };
		0A5B8EDD1CE1A13C001C1940 /* ZKDMListVC.m in Sources */ = {isa = PBXBuildFile; fileRef = 0A5B8EDC1CE1A13C001C1940 /* ZKDMListVC.m */; };
		0A5B8EE01CE1A1CD001C1940 /* ZKDMListCell.m in Sources */ = {isa = PBXBuildFile; fileRef = 0A5B8EDF1CE1A1CD001C1940 /* ZKDMListCell.m */; };
		0A5B8EE21CE1A66B001C1940 /* ZKDMListCell.xib in Resources */ = {isa = PBXBuildFile; fileRef = 0A5B8EE11CE1A66B001C1940 /* ZKDMListCell.xib */; };
		0A5B8EE51CE1A99B001C1940 /* ZKListModel.m in Sources */ = {isa = PBXBuildFile; fileRef = 0A5B8EE41CE1A99B001C1940 /* ZKListModel.m */; };
		0A5ED5A11CEEB17D00946D9F /* ZKDMListTouchView.m in Sources */ = {isa = PBXBuildFile; fileRef = 0A5ED5A01CEEB17D00946D9F /* ZKDMListTouchView.m */; };
		0A5ED5A31CEEB19000946D9F /* ZKDMListTouchView.xib in Resources */ = {isa = PBXBuildFile; fileRef = 0A5ED5A21CEEB19000946D9F /* ZKDMListTouchView.xib */; };
		0A5ED5A61CEEDF3B00946D9F /* AFNetworkReachabilityManager.m in Sources */ = {isa = PBXBuildFile; fileRef = 0A5ED5A51CEEDF3B00946D9F /* AFNetworkReachabilityManager.m */; };
		0A5ED5B91CEF042800946D9F /* home_selected@2x.png in Resources */ = {isa = PBXBuildFile; fileRef = 0A5ED5B31CEF042800946D9F /* home_selected@2x.png */; };
		0A5ED5BA1CEF042800946D9F /* home_normal@2x.png in Resources */ = {isa = PBXBuildFile; fileRef = 0A5ED5B41CEF042800946D9F /* home_normal@2x.png */; };
		0A5ED5BB1CEF042800946D9F /* search_normal@2x.png in Resources */ = {isa = PBXBuildFile; fileRef = 0A5ED5B51CEF042800946D9F /* search_normal@2x.png */; };
		0A5ED5BC1CEF042800946D9F /* search_selected@2x.png in Resources */ = {isa = PBXBuildFile; fileRef = 0A5ED5B61CEF042800946D9F /* search_selected@2x.png */; };
		0A5ED5BD1CEF042800946D9F /* setting_selected@2x.png in Resources */ = {isa = PBXBuildFile; fileRef = 0A5ED5B71CEF042800946D9F /* setting_selected@2x.png */; };
		0A5ED5BE1CEF042800946D9F /* setting_normal@2x.png in Resources */ = {isa = PBXBuildFile; fileRef = 0A5ED5B81CEF042800946D9F /* setting_normal@2x.png */; };
		0A691E911CE46EDA0030BCDE /* ZKDownLoadController.m in Sources */ = {isa = PBXBuildFile; fileRef = 0A691E901CE46EDA0030BCDE /* ZKDownLoadController.m */; };
		0A691E9B1CE470B90030BCDE /* ZKPlayANDStarTableVC.m in Sources */ = {isa = PBXBuildFile; fileRef = 0A691E991CE470B90030BCDE /* ZKPlayANDStarTableVC.m */; };
		0A691E9F1CE470E00030BCDE /* ZKAboutVC.m in Sources */ = {isa = PBXBuildFile; fileRef = 0A691E9E1CE470E00030BCDE /* ZKAboutVC.m */; };
		0A8823C91CD8A43800B05432 /* ZKPlayAndDownloadView.m in Sources */ = {isa = PBXBuildFile; fileRef = 0A8823C81CD8A43800B05432 /* ZKPlayAndDownloadView.m */; };
		0A9605D91CED4F9300D04AC1 /* ZKDownLoadingCell.m in Sources */ = {isa = PBXBuildFile; fileRef = 0A9605D81CED4F9300D04AC1 /* ZKDownLoadingCell.m */; };
		0A9605DC1CED4FF100D04AC1 /* ZKDownloadCompleteCell.m in Sources */ = {isa = PBXBuildFile; fileRef = 0A9605DB1CED4FF100D04AC1 /* ZKDownloadCompleteCell.m */; };
		0A9605DE1CED4FFA00D04AC1 /* ZKDownLoadingCell.xib in Resources */ = {isa = PBXBuildFile; fileRef = 0A9605DD1CED4FFA00D04AC1 /* ZKDownLoadingCell.xib */; };
		0A9605E01CED500D00D04AC1 /* ZKDownloadCompleteCell.xib in Resources */ = {isa = PBXBuildFile; fileRef = 0A9605DF1CED500D00D04AC1 /* ZKDownloadCompleteCell.xib */; };
		0A98AFAB1CCDE59D00721956 /* main.m in Sources */ = {isa = PBXBuildFile; fileRef = 0A98AFAA1CCDE59D00721956 /* main.m */; };
		0A98AFAE1CCDE59D00721956 /* AppDelegate.m in Sources */ = {isa = PBXBuildFile; fileRef = 0A98AFAD1CCDE59D00721956 /* AppDelegate.m */; };
		0A98AFB71CCDE59D00721956 /* peryi.xcdatamodeld in Sources */ = {isa = PBXBuildFile; fileRef = 0A98AFB51CCDE59D00721956 /* peryi.xcdatamodeld */; };
		0A98AFBC1CCDE59D00721956 /* LaunchScreen.storyboard in Resources */ = {isa = PBXBuildFile; fileRef = 0A98AFBA1CCDE59D00721956 /* LaunchScreen.storyboard */; };
		0A98AFC71CCDE59D00721956 /* peryiTests.m in Sources */ = {isa = PBXBuildFile; fileRef = 0A98AFC61CCDE59D00721956 /* peryiTests.m */; };
		0A98AFD21CCDE59D00721956 /* peryiUITests.m in Sources */ = {isa = PBXBuildFile; fileRef = 0A98AFD11CCDE59D00721956 /* peryiUITests.m */; };
		0A98AFF41CCDE86D00721956 /* ZKHomeController.m in Sources */ = {isa = PBXBuildFile; fileRef = 0A98AFF31CCDE86D00721956 /* ZKHomeController.m */; };
		0A98AFF51CCDE86D00721956 /* ZKHomeController.m in Sources */ = {isa = PBXBuildFile; fileRef = 0A98AFF31CCDE86D00721956 /* ZKHomeController.m */; };
		0A98AFF61CCDE86D00721956 /* ZKHomeController.m in Sources */ = {isa = PBXBuildFile; fileRef = 0A98AFF31CCDE86D00721956 /* ZKHomeController.m */; };
		0A98AFF91CCDE88000721956 /* ZKNewController.m in Sources */ = {isa = PBXBuildFile; fileRef = 0A98AFF81CCDE88000721956 /* ZKNewController.m */; };
		0A98AFFA1CCDE88000721956 /* ZKNewController.m in Sources */ = {isa = PBXBuildFile; fileRef = 0A98AFF81CCDE88000721956 /* ZKNewController.m */; };
		0A98AFFB1CCDE88000721956 /* ZKNewController.m in Sources */ = {isa = PBXBuildFile; fileRef = 0A98AFF81CCDE88000721956 /* ZKNewController.m */; };
		0A98B0031CCDE8C000721956 /* ZKSearchController.m in Sources */ = {isa = PBXBuildFile; fileRef = 0A98B0021CCDE8C000721956 /* ZKSearchController.m */; };
		0A98B0041CCDE8C000721956 /* ZKSearchController.m in Sources */ = {isa = PBXBuildFile; fileRef = 0A98B0021CCDE8C000721956 /* ZKSearchController.m */; };
		0A98B0051CCDE8C000721956 /* ZKSearchController.m in Sources */ = {isa = PBXBuildFile; fileRef = 0A98B0021CCDE8C000721956 /* ZKSearchController.m */; };
		0A98B0081CCDE8D700721956 /* ZKSettingsController.m in Sources */ = {isa = PBXBuildFile; fileRef = 0A98B0071CCDE8D700721956 /* ZKSettingsController.m */; };
		0A98B0091CCDE8D700721956 /* ZKSettingsController.m in Sources */ = {isa = PBXBuildFile; fileRef = 0A98B0071CCDE8D700721956 /* ZKSettingsController.m */; };
		0A98B00A1CCDE8D700721956 /* ZKSettingsController.m in Sources */ = {isa = PBXBuildFile; fileRef = 0A98B0071CCDE8D700721956 /* ZKSettingsController.m */; };
		0A98B0151CCDFC8200721956 /* ZKMainController.m in Sources */ = {isa = PBXBuildFile; fileRef = 0A98B0141CCDFC8200721956 /* ZKMainController.m */; };
		0A98B0181CCDFCB100721956 /* ZKNavigationController.m in Sources */ = {isa = PBXBuildFile; fileRef = 0A98B0171CCDFCB100721956 /* ZKNavigationController.m */; };
		0A98B0191CCDFCB100721956 /* ZKNavigationController.m in Sources */ = {isa = PBXBuildFile; fileRef = 0A98B0171CCDFCB100721956 /* ZKNavigationController.m */; };
		0A98B05D1CCE59A300721956 /* AutoSlideScrollView.m in Sources */ = {isa = PBXBuildFile; fileRef = 0A98B05A1CCE59A300721956 /* AutoSlideScrollView.m */; };
		0A98B05E1CCE59A300721956 /* AutoSlideScrollView.m in Sources */ = {isa = PBXBuildFile; fileRef = 0A98B05A1CCE59A300721956 /* AutoSlideScrollView.m */; };
		0A98B05F1CCE59A300721956 /* NSTimer+Addition.m in Sources */ = {isa = PBXBuildFile; fileRef = 0A98B05C1CCE59A300721956 /* NSTimer+Addition.m */; };
		0A98B0601CCE59A300721956 /* NSTimer+Addition.m in Sources */ = {isa = PBXBuildFile; fileRef = 0A98B05C1CCE59A300721956 /* NSTimer+Addition.m */; };
		0AB282101CE5CDB800AA8B02 /* ZKHistoryANDStartCell.m in Sources */ = {isa = PBXBuildFile; fileRef = 0AB2820F1CE5CDB800AA8B02 /* ZKHistoryANDStartCell.m */; };
		0AC234631CD33DC3000D6141 /* ZKDetailListView.m in Sources */ = {isa = PBXBuildFile; fileRef = 0AC234621CD33DC3000D6141 /* ZKDetailListView.m */; };
		0AC234661CD3483B000D6141 /* ZKDetailAbout.m in Sources */ = {isa = PBXBuildFile; fileRef = 0AC234651CD3483B000D6141 /* ZKDetailAbout.m */; };
		0AC234691CD34854000D6141 /* ZKDetailPlay.m in Sources */ = {isa = PBXBuildFile; fileRef = 0AC234681CD34854000D6141 /* ZKDetailPlay.m */; };
		0AC2346C1CD34872000D6141 /* ZKDetailDown.m in Sources */ = {isa = PBXBuildFile; fileRef = 0AC2346B1CD34872000D6141 /* ZKDetailDown.m */; };
		0AC2346F1CD34887000D6141 /* ZKDetailYourLike.m in Sources */ = {isa = PBXBuildFile; fileRef = 0AC2346E1CD34887000D6141 /* ZKDetailYourLike.m */; };
		0AC234781CD3572C000D6141 /* ZKInfoView.m in Sources */ = {isa = PBXBuildFile; fileRef = 0AC234771CD3572C000D6141 /* ZKInfoView.m */; };
		0AC2347A1CD35745000D6141 /* ZKInfoView.xib in Resources */ = {isa = PBXBuildFile; fileRef = 0AC234791CD35745000D6141 /* ZKInfoView.xib */; };
		0AC466A11CEAD15300646E68 /* ZKSearchModel.m in Sources */ = {isa = PBXBuildFile; fileRef = 0AC466A01CEAD15300646E68 /* ZKSearchModel.m */; };
		0AC466A41CEAE9E800646E68 /* ZKPageTips.m in Sources */ = {isa = PBXBuildFile; fileRef = 0AC466A31CEAE9E800646E68 /* ZKPageTips.m */; };
		0AC466A61CEAE9FA00646E68 /* ZKPageTips.xib in Resources */ = {isa = PBXBuildFile; fileRef = 0AC466A51CEAE9FA00646E68 /* ZKPageTips.xib */; };
		0AC466A91CEAF94100646E68 /* NSFileManager+ZKCache.m in Sources */ = {isa = PBXBuildFile; fileRef = 0AC466A81CEAF94100646E68 /* NSFileManager+ZKCache.m */; };
		0AD84E691CF3E72500DB0357 /* MessageUI.framework in Frameworks */ = {isa = PBXBuildFile; fileRef = 0AD84E681CF3E72500DB0357 /* MessageUI.framework */; };
		0AD84E6B1CF4176D00DB0357 /* ZKAboutView.xib in Resources */ = {isa = PBXBuildFile; fileRef = 0AD84E6A1CF4176D00DB0357 /* ZKAboutView.xib */; };
		0AD84E6E1CF41A6A00DB0357 /* ZKAboutView.m in Sources */ = {isa = PBXBuildFile; fileRef = 0AD84E6D1CF41A6A00DB0357 /* ZKAboutView.m */; };
		0AE40AFE1CD9A59F0069FB80 /* ZKPlayAndDownloadView.xib in Resources */ = {isa = PBXBuildFile; fileRef = 0AE40AFD1CD9A59F0069FB80 /* ZKPlayAndDownloadView.xib */; };
		0AE40B011CD9A7B50069FB80 /* ZKSegmentedControl.m in Sources */ = {isa = PBXBuildFile; fileRef = 0AE40B001CD9A7B50069FB80 /* ZKSegmentedControl.m */; };
		0AE40B041CD9B21B0069FB80 /* ZKPlayAndDownCell.m in Sources */ = {isa = PBXBuildFile; fileRef = 0AE40B031CD9B21B0069FB80 /* ZKPlayAndDownCell.m */; };
		0AE40B091CDB26EC0069FB80 /* ZKPlayListCollectionHeader.m in Sources */ = {isa = PBXBuildFile; fileRef = 0AE40B081CDB26EC0069FB80 /* ZKPlayListCollectionHeader.m */; };
		0AEA0D881CED9FDB00660989 /* SystemConfiguration.framework in Frameworks */ = {isa = PBXBuildFile; fileRef = 0AEA0D871CED9FDB00660989 /* SystemConfiguration.framework */; };
		0AEA0D901CEDB42600660989 /* ZKSettingModel.m in Sources */ = {isa = PBXBuildFile; fileRef = 0AEA0D8F1CEDB42600660989 /* ZKSettingModel.m */; };
		0AEA0D931CEDB54F00660989 /* ZKSettingModelTool.m in Sources */ = {isa = PBXBuildFile; fileRef = 0AEA0D921CEDB54F00660989 /* ZKSettingModelTool.m */; };
		0AEA0D961CEDF4E500660989 /* ZKDMListTouchVC.m in Sources */ = {isa = PBXBuildFile; fileRef = 0AEA0D951CEDF4E500660989 /* ZKDMListTouchVC.m */; };
		0AEEF1951CD997E80096BC59 /* Assets.xcassets in Resources */ = {isa = PBXBuildFile; fileRef = 0AEEF1941CD997E80096BC59 /* Assets.xcassets */; };
		0AEF51EB1CE5D14600FF7892 /* ZKHistoryANDStartCell.xib in Resources */ = {isa = PBXBuildFile; fileRef = 0AEF51EA1CE5D14600FF7892 /* ZKHistoryANDStartCell.xib */; };
		0AF13A711CDC6F2100C9BF93 /* ZKLikeCollectionViewCell.m in Sources */ = {isa = PBXBuildFile; fileRef = 0AF13A701CDC6F2100C9BF93 /* ZKLikeCollectionViewCell.m */; };
		0AF13A731CDC6F2C00C9BF93 /* ZKLikeCollectionViewCell.xib in Resources */ = {isa = PBXBuildFile; fileRef = 0AF13A721CDC6F2C00C9BF93 /* ZKLikeCollectionViewCell.xib */; };
		0AF13A781CDC8AFF00C9BF93 /* ZKLikeListView.m in Sources */ = {isa = PBXBuildFile; fileRef = 0AF13A771CDC8AFF00C9BF93 /* ZKLikeListView.m */; };
		0AF13A7A1CDC8B1B00C9BF93 /* ZKLikeListView.xib in Resources */ = {isa = PBXBuildFile; fileRef = 0AF13A791CDC8B1B00C9BF93 /* ZKLikeListView.xib */; };
		0AF585D31CE5A17800DE8950 /* ZKDataTools.m in Sources */ = {isa = PBXBuildFile; fileRef = 0AF585D21CE5A17800DE8950 /* ZKDataTools.m */; };
		0AF585D71CE5A56100DE8950 /* DMLIST.db in Resources */ = {isa = PBXBuildFile; fileRef = 0AF585D61CE5A56100DE8950 /* DMLIST.db */; };
		0AF6751B1CCF1710002CE56B /* ZKSlideView.m in Sources */ = {isa = PBXBuildFile; fileRef = 0AF6751A1CCF1710002CE56B /* ZKSlideView.m */; };
		0AF6751E1CCF1756002CE56B /* ZKHomeList.m in Sources */ = {isa = PBXBuildFile; fileRef = 0AF6751D1CCF1756002CE56B /* ZKHomeList.m */; };
		0AF675601CCF28F3002CE56B /* NSMutableString+Common.m in Sources */ = {isa = PBXBuildFile; fileRef = 0AF6752E1CCF28F3002CE56B /* NSMutableString+Common.m */; };
		0AF675621CCF28F3002CE56B /* NSObject+ObjectMap.m in Sources */ = {isa = PBXBuildFile; fileRef = 0AF675321CCF28F3002CE56B /* NSObject+ObjectMap.m */; };
		0AF675631CCF28F3002CE56B /* NSString+Attribute.m in Sources */ = {isa = PBXBuildFile; fileRef = 0AF675341CCF28F3002CE56B /* NSString+Attribute.m */; };
		0AF675651CCF28F3002CE56B /* NSTimer+Common.m in Sources */ = {isa = PBXBuildFile; fileRef = 0AF675381CCF28F3002CE56B /* NSTimer+Common.m */; };
		0AF675661CCF28F3002CE56B /* NSURL+Common.m in Sources */ = {isa = PBXBuildFile; fileRef = 0AF6753A1CCF28F3002CE56B /* NSURL+Common.m */; };
		0AF675681CCF28F3002CE56B /* UIActionSheet+Front.m in Sources */ = {isa = PBXBuildFile; fileRef = 0AF6753E1CCF28F3002CE56B /* UIActionSheet+Front.m */; };
		0AF675691CCF28F3002CE56B /* UIBarButtonItem+Common.m in Sources */ = {isa = PBXBuildFile; fileRef = 0AF675401CCF28F3002CE56B /* UIBarButtonItem+Common.m */; };
		0AF6756C1CCF28F3002CE56B /* UIColor+expanded.m in Sources */ = {isa = PBXBuildFile; fileRef = 0AF675461CCF28F3002CE56B /* UIColor+expanded.m */; };
		0AF6756D1CCF28F3002CE56B /* UIDevice+Info.m in Sources */ = {isa = PBXBuildFile; fileRef = 0AF675481CCF28F3002CE56B /* UIDevice+Info.m */; };
		0AF6756E1CCF28F3002CE56B /* UIImage+Common.m in Sources */ = {isa = PBXBuildFile; fileRef = 0AF6754A1CCF28F3002CE56B /* UIImage+Common.m */; };
		0AF6756F1CCF28F3002CE56B /* UILabel+Common.m in Sources */ = {isa = PBXBuildFile; fileRef = 0AF6754C1CCF28F3002CE56B /* UILabel+Common.m */; };
		0AF675721CCF28F3002CE56B /* UIView+Common.m in Sources */ = {isa = PBXBuildFile; fileRef = 0AF675521CCF28F3002CE56B /* UIView+Common.m */; };
		0AF675731CCF28F3002CE56B /* UIView+Frame.m in Sources */ = {isa = PBXBuildFile; fileRef = 0AF675541CCF28F3002CE56B /* UIView+Frame.m */; };
		0AF675741CCF28F3002CE56B /* UIView+PressMenu.m in Sources */ = {isa = PBXBuildFile; fileRef = 0AF675561CCF28F3002CE56B /* UIView+PressMenu.m */; };
		0AF675751CCF28F3002CE56B /* UIViewController+BackButtonHandler.m in Sources */ = {isa = PBXBuildFile; fileRef = 0AF675581CCF28F3002CE56B /* UIViewController+BackButtonHandler.m */; };
		0AF675A21CCF2EA8002CE56B /* banner__page_unselected@2x.png in Resources */ = {isa = PBXBuildFile; fileRef = 0AF675A11CCF2EA8002CE56B /* banner__page_unselected@2x.png */; };
		0AF675A41CCF2EB6002CE56B /* banner__page_selected@2x.png in Resources */ = {isa = PBXBuildFile; fileRef = 0AF675A31CCF2EB6002CE56B /* banner__page_selected@2x.png */; };
		0AF675AD1CCF40E9002CE56B /* NSString+Common.m in Sources */ = {isa = PBXBuildFile; fileRef = 0AF675AC1CCF40E9002CE56B /* NSString+Common.m */; };
		0AF675B91CCF6B35002CE56B /* MBProgressHUD.bundle in Resources */ = {isa = PBXBuildFile; fileRef = 0AF675B41CCF6B35002CE56B /* MBProgressHUD.bundle */; };
		0AF675BA1CCF6B35002CE56B /* MBProgressHUD.m in Sources */ = {isa = PBXBuildFile; fileRef = 0AF675B61CCF6B35002CE56B /* MBProgressHUD.m */; };
		0AF675BB1CCF6B35002CE56B /* MBProgressHUD+Extend.m in Sources */ = {isa = PBXBuildFile; fileRef = 0AF675B81CCF6B35002CE56B /* MBProgressHUD+Extend.m */; };
		0AF675C21CD1E3F5002CE56B /* ZKHomeCollectionCell.m in Sources */ = {isa = PBXBuildFile; fileRef = 0AF675C11CD1E3F5002CE56B /* ZKHomeCollectionCell.m */; };
		0AF675C31CD1E3F5002CE56B /* ZKHomeCollectionCell.m in Sources */ = {isa = PBXBuildFile; fileRef = 0AF675C11CD1E3F5002CE56B /* ZKHomeCollectionCell.m */; };
		0AF675CA1CD1FCE9002CE56B /* ZKVideoController.m in Sources */ = {isa = PBXBuildFile; fileRef = 0AF675C91CD1FCE9002CE56B /* ZKVideoController.m */; };
		0AF675CB1CD1FCE9002CE56B /* ZKVideoController.m in Sources */ = {isa = PBXBuildFile; fileRef = 0AF675C91CD1FCE9002CE56B /* ZKVideoController.m */; };
		0AF675CD1CD20D63002CE56B /* MediaPlayer.framework in Frameworks */ = {isa = PBXBuildFile; fileRef = 0AF675CC1CD20D63002CE56B /* MediaPlayer.framework */; };
		0AF675CF1CD20D6A002CE56B /* AVFoundation.framework in Frameworks */ = {isa = PBXBuildFile; fileRef = 0AF675CE1CD20D6A002CE56B /* AVFoundation.framework */; };
		AB36DF5E1CFD287C00D7816A /* LICENSE in Resources */ = {isa = PBXBuildFile; fileRef = AB36DF4E1CFD287C00D7816A /* LICENSE */; };
		AB36DF5F1CFD287C00D7816A /* README.md in Sources */ = {isa = PBXBuildFile; fileRef = AB36DF4F1CFD287C00D7816A /* README.md */; };
		AB36DF601CFD287C00D7816A /* ZFBrightnessView.m in Sources */ = {isa = PBXBuildFile; fileRef = AB36DF521CFD287C00D7816A /* ZFBrightnessView.m */; };
		AB36DF611CFD287C00D7816A /* ZFPlayer.bundle in Resources */ = {isa = PBXBuildFile; fileRef = AB36DF531CFD287C00D7816A /* ZFPlayer.bundle */; };
		AB36DF621CFD287C00D7816A /* ZFPlayerControlView.m in Sources */ = {isa = PBXBuildFile; fileRef = AB36DF561CFD287C00D7816A /* ZFPlayerControlView.m */; };
		AB36DF631CFD287C00D7816A /* ZFDownloadManager.m in Sources */ = {isa = PBXBuildFile; fileRef = AB36DF591CFD287C00D7816A /* ZFDownloadManager.m */; };
		AB36DF641CFD287C00D7816A /* ZFSessionModel.m in Sources */ = {isa = PBXBuildFile; fileRef = AB36DF5B1CFD287C00D7816A /* ZFSessionModel.m */; };
		AB36DF651CFD287C00D7816A /* ZFPlayerView.m in Sources */ = {isa = PBXBuildFile; fileRef = AB36DF5D1CFD287C00D7816A /* ZFPlayerView.m */; };
/* End PBXBuildFile section */

/* Begin PBXContainerItemProxy section */
		0A98AFC31CCDE59D00721956 /* PBXContainerItemProxy */ = {
			isa = PBXContainerItemProxy;
			containerPortal = 0A98AF9E1CCDE59D00721956 /* Project object */;
			proxyType = 1;
			remoteGlobalIDString = 0A98AFA51CCDE59D00721956;
			remoteInfo = peryi;
		};
		0A98AFCE1CCDE59D00721956 /* PBXContainerItemProxy */ = {
			isa = PBXContainerItemProxy;
			containerPortal = 0A98AF9E1CCDE59D00721956 /* Project object */;
			proxyType = 1;
			remoteGlobalIDString = 0A98AFA51CCDE59D00721956;
			remoteInfo = peryi;
		};
/* End PBXContainerItemProxy section */

/* Begin PBXFileReference section */
		0A5697DC1CCF039600F55397 /* UIView+WF.h */ = {isa = PBXFileReference; fileEncoding = 4; lastKnownFileType = sourcecode.c.h; path = "UIView+WF.h"; sourceTree = "<group>"; };
		0A5697DD1CCF039600F55397 /* UIView+WF.m */ = {isa = PBXFileReference; fileEncoding = 4; lastKnownFileType = sourcecode.c.objc; path = "UIView+WF.m"; sourceTree = "<group>"; };
		0A5697E01CCF03DC00F55397 /* ZKHttpTools.h */ = {isa = PBXFileReference; fileEncoding = 4; lastKnownFileType = sourcecode.c.h; path = ZKHttpTools.h; sourceTree = "<group>"; };
		0A5697E11CCF03DC00F55397 /* ZKHttpTools.m */ = {isa = PBXFileReference; fileEncoding = 4; lastKnownFileType = sourcecode.c.objc; path = ZKHttpTools.m; sourceTree = "<group>"; };
		0A5697E31CCF04C300F55397 /* NSObject+ZKWebString.h */ = {isa = PBXFileReference; fileEncoding = 4; lastKnownFileType = sourcecode.c.h; path = "NSObject+ZKWebString.h"; sourceTree = "<group>"; };
		0A5697E41CCF04C300F55397 /* NSObject+ZKWebString.m */ = {isa = PBXFileReference; fileEncoding = 4; lastKnownFileType = sourcecode.c.objc; path = "NSObject+ZKWebString.m"; sourceTree = "<group>"; };
		0A5697EF1CCF054500F55397 /* PeryiHeader.pch */ = {isa = PBXFileReference; fileEncoding = 4; lastKnownFileType = sourcecode.c.h; name = PeryiHeader.pch; path = ../Others/PeryiHeader.pch; sourceTree = "<group>"; };
		0A5697F01CCF0D5500F55397 /* Singelon.h */ = {isa = PBXFileReference; fileEncoding = 4; lastKnownFileType = sourcecode.c.h; name = Singelon.h; path = ../Others/Singelon.h; sourceTree = "<group>"; };
		0A5B8ECC1CE06231001C1940 /* ZKTypeCollection.h */ = {isa = PBXFileReference; fileEncoding = 4; lastKnownFileType = sourcecode.c.h; path = ZKTypeCollection.h; sourceTree = "<group>"; };
		0A5B8ECD1CE06231001C1940 /* ZKTypeCollection.m */ = {isa = PBXFileReference; fileEncoding = 4; lastKnownFileType = sourcecode.c.objc; path = ZKTypeCollection.m; sourceTree = "<group>"; };
		0A5B8ECF1CE07099001C1940 /* ZKSearchDisplayController.h */ = {isa = PBXFileReference; fileEncoding = 4; lastKnownFileType = sourcecode.c.h; path = ZKSearchDisplayController.h; sourceTree = "<group>"; };
		0A5B8ED01CE07099001C1940 /* ZKSearchDisplayController.m */ = {isa = PBXFileReference; fileEncoding = 4; lastKnownFileType = sourcecode.c.objc; path = ZKSearchDisplayController.m; sourceTree = "<group>"; };
		0A5B8ED21CE076D3001C1940 /* ZKCollectionTypeCell.h */ = {isa = PBXFileReference; fileEncoding = 4; lastKnownFileType = sourcecode.c.h; path = ZKCollectionTypeCell.h; sourceTree = "<group>"; };
		0A5B8ED31CE076D3001C1940 /* ZKCollectionTypeCell.m */ = {isa = PBXFileReference; fileEncoding = 4; lastKnownFileType = sourcecode.c.objc; path = ZKCollectionTypeCell.m; sourceTree = "<group>"; };
		0A5B8ED51CE183D4001C1940 /* ZKTypeModel.h */ = {isa = PBXFileReference; fileEncoding = 4; lastKnownFileType = sourcecode.c.h; path = ZKTypeModel.h; sourceTree = "<group>"; };
		0A5B8ED61CE183D4001C1940 /* ZKTypeModel.m */ = {isa = PBXFileReference; fileEncoding = 4; lastKnownFileType = sourcecode.c.objc; path = ZKTypeModel.m; sourceTree = "<group>"; };
		0A5B8EDB1CE1A13C001C1940 /* ZKDMListVC.h */ = {isa = PBXFileReference; fileEncoding = 4; lastKnownFileType = sourcecode.c.h; path = ZKDMListVC.h; sourceTree = "<group>"; };
		0A5B8EDC1CE1A13C001C1940 /* ZKDMListVC.m */ = {isa = PBXFileReference; fileEncoding = 4; lastKnownFileType = sourcecode.c.objc; path = ZKDMListVC.m; sourceTree = "<group>"; };
		0A5B8EDE1CE1A1CD001C1940 /* ZKDMListCell.h */ = {isa = PBXFileReference; fileEncoding = 4; lastKnownFileType = sourcecode.c.h; path = ZKDMListCell.h; sourceTree = "<group>"; };
		0A5B8EDF1CE1A1CD001C1940 /* ZKDMListCell.m */ = {isa = PBXFileReference; fileEncoding = 4; lastKnownFileType = sourcecode.c.objc; path = ZKDMListCell.m; sourceTree = "<group>"; };
		0A5B8EE11CE1A66B001C1940 /* ZKDMListCell.xib */ = {isa = PBXFileReference; fileEncoding = 4; lastKnownFileType = file.xib; path = ZKDMListCell.xib; sourceTree = "<group>"; };
		0A5B8EE31CE1A99B001C1940 /* ZKListModel.h */ = {isa = PBXFileReference; fileEncoding = 4; lastKnownFileType = sourcecode.c.h; path = ZKListModel.h; sourceTree = "<group>"; };
		0A5B8EE41CE1A99B001C1940 /* ZKListModel.m */ = {isa = PBXFileReference; fileEncoding = 4; lastKnownFileType = sourcecode.c.objc; path = ZKListModel.m; sourceTree = "<group>"; };
		0A5ED59F1CEEB17D00946D9F /* ZKDMListTouchView.h */ = {isa = PBXFileReference; fileEncoding = 4; lastKnownFileType = sourcecode.c.h; path = ZKDMListTouchView.h; sourceTree = "<group>"; };
		0A5ED5A01CEEB17D00946D9F /* ZKDMListTouchView.m */ = {isa = PBXFileReference; fileEncoding = 4; lastKnownFileType = sourcecode.c.objc; path = ZKDMListTouchView.m; sourceTree = "<group>"; };
		0A5ED5A21CEEB19000946D9F /* ZKDMListTouchView.xib */ = {isa = PBXFileReference; fileEncoding = 4; lastKnownFileType = file.xib; path = ZKDMListTouchView.xib; sourceTree = "<group>"; };
		0A5ED5A41CEEDF3B00946D9F /* AFNetworkReachabilityManager.h */ = {isa = PBXFileReference; fileEncoding = 4; lastKnownFileType = sourcecode.c.h; path = AFNetworkReachabilityManager.h; sourceTree = "<group>"; };
		0A5ED5A51CEEDF3B00946D9F /* AFNetworkReachabilityManager.m */ = {isa = PBXFileReference; fileEncoding = 4; lastKnownFileType = sourcecode.c.objc; path = AFNetworkReachabilityManager.m; sourceTree = "<group>"; };
		0A5ED5B31CEF042800946D9F /* home_selected@2x.png */ = {isa = PBXFileReference; lastKnownFileType = image.png; path = "home_selected@2x.png"; sourceTree = "<group>"; };
		0A5ED5B41CEF042800946D9F /* home_normal@2x.png */ = {isa = PBXFileReference; lastKnownFileType = image.png; path = "home_normal@2x.png"; sourceTree = "<group>"; };
		0A5ED5B51CEF042800946D9F /* search_normal@2x.png */ = {isa = PBXFileReference; lastKnownFileType = image.png; path = "search_normal@2x.png"; sourceTree = "<group>"; };
		0A5ED5B61CEF042800946D9F /* search_selected@2x.png */ = {isa = PBXFileReference; lastKnownFileType = image.png; path = "search_selected@2x.png"; sourceTree = "<group>"; };
		0A5ED5B71CEF042800946D9F /* setting_selected@2x.png */ = {isa = PBXFileReference; lastKnownFileType = image.png; path = "setting_selected@2x.png"; sourceTree = "<group>"; };
		0A5ED5B81CEF042800946D9F /* setting_normal@2x.png */ = {isa = PBXFileReference; lastKnownFileType = image.png; path = "setting_normal@2x.png"; sourceTree = "<group>"; };
		0A691E8F1CE46EDA0030BCDE /* ZKDownLoadController.h */ = {isa = PBXFileReference; fileEncoding = 4; lastKnownFileType = sourcecode.c.h; path = ZKDownLoadController.h; sourceTree = "<group>"; };
		0A691E901CE46EDA0030BCDE /* ZKDownLoadController.m */ = {isa = PBXFileReference; fileEncoding = 4; lastKnownFileType = sourcecode.c.objc; path = ZKDownLoadController.m; sourceTree = "<group>"; };
		0A691E981CE470B90030BCDE /* ZKPlayANDStarTableVC.h */ = {isa = PBXFileReference; fileEncoding = 4; lastKnownFileType = sourcecode.c.h; path = ZKPlayANDStarTableVC.h; sourceTree = "<group>"; };
		0A691E991CE470B90030BCDE /* ZKPlayANDStarTableVC.m */ = {isa = PBXFileReference; fileEncoding = 4; lastKnownFileType = sourcecode.c.objc; path = ZKPlayANDStarTableVC.m; sourceTree = "<group>"; };
		0A691E9D1CE470E00030BCDE /* ZKAboutVC.h */ = {isa = PBXFileReference; fileEncoding = 4; lastKnownFileType = sourcecode.c.h; path = ZKAboutVC.h; sourceTree = "<group>"; };
		0A691E9E1CE470E00030BCDE /* ZKAboutVC.m */ = {isa = PBXFileReference; fileEncoding = 4; lastKnownFileType = sourcecode.c.objc; path = ZKAboutVC.m; sourceTree = "<group>"; };
		0A8823C71CD8A43800B05432 /* ZKPlayAndDownloadView.h */ = {isa = PBXFileReference; fileEncoding = 4; lastKnownFileType = sourcecode.c.h; path = ZKPlayAndDownloadView.h; sourceTree = "<group>"; };
		0A8823C81CD8A43800B05432 /* ZKPlayAndDownloadView.m */ = {isa = PBXFileReference; fileEncoding = 4; lastKnownFileType = sourcecode.c.objc; path = ZKPlayAndDownloadView.m; sourceTree = "<group>"; };
		0A9605D71CED4F9300D04AC1 /* ZKDownLoadingCell.h */ = {isa = PBXFileReference; fileEncoding = 4; lastKnownFileType = sourcecode.c.h; path = ZKDownLoadingCell.h; sourceTree = "<group>"; };
		0A9605D81CED4F9300D04AC1 /* ZKDownLoadingCell.m */ = {isa = PBXFileReference; fileEncoding = 4; lastKnownFileType = sourcecode.c.objc; path = ZKDownLoadingCell.m; sourceTree = "<group>"; };
		0A9605DA1CED4FF100D04AC1 /* ZKDownloadCompleteCell.h */ = {isa = PBXFileReference; fileEncoding = 4; lastKnownFileType = sourcecode.c.h; path = ZKDownloadCompleteCell.h; sourceTree = "<group>"; };
		0A9605DB1CED4FF100D04AC1 /* ZKDownloadCompleteCell.m */ = {isa = PBXFileReference; fileEncoding = 4; lastKnownFileType = sourcecode.c.objc; path = ZKDownloadCompleteCell.m; sourceTree = "<group>"; };
		0A9605DD1CED4FFA00D04AC1 /* ZKDownLoadingCell.xib */ = {isa = PBXFileReference; fileEncoding = 4; lastKnownFileType = file.xib; path = ZKDownLoadingCell.xib; sourceTree = "<group>"; };
		0A9605DF1CED500D00D04AC1 /* ZKDownloadCompleteCell.xib */ = {isa = PBXFileReference; fileEncoding = 4; lastKnownFileType = file.xib; path = ZKDownloadCompleteCell.xib; sourceTree = "<group>"; };
		0A98AFA61CCDE59D00721956 /* peryi.app */ = {isa = PBXFileReference; explicitFileType = wrapper.application; includeInIndex = 0; path = peryi.app; sourceTree = BUILT_PRODUCTS_DIR; };
		0A98AFAA1CCDE59D00721956 /* main.m */ = {isa = PBXFileReference; lastKnownFileType = sourcecode.c.objc; path = main.m; sourceTree = "<group>"; };
		0A98AFAC1CCDE59D00721956 /* AppDelegate.h */ = {isa = PBXFileReference; lastKnownFileType = sourcecode.c.h; path = AppDelegate.h; sourceTree = "<group>"; };
		0A98AFAD1CCDE59D00721956 /* AppDelegate.m */ = {isa = PBXFileReference; lastKnownFileType = sourcecode.c.objc; path = AppDelegate.m; sourceTree = "<group>"; };
		0A98AFB61CCDE59D00721956 /* peryi.xcdatamodel */ = {isa = PBXFileReference; lastKnownFileType = wrapper.xcdatamodel; path = peryi.xcdatamodel; sourceTree = "<group>"; };
		0A98AFBB1CCDE59D00721956 /* Base */ = {isa = PBXFileReference; lastKnownFileType = file.storyboard; name = Base; path = Base.lproj/LaunchScreen.storyboard; sourceTree = "<group>"; };
		0A98AFBD1CCDE59D00721956 /* Info.plist */ = {isa = PBXFileReference; lastKnownFileType = text.plist.xml; path = Info.plist; sourceTree = "<group>"; };
		0A98AFC21CCDE59D00721956 /* peryiTests.xctest */ = {isa = PBXFileReference; explicitFileType = wrapper.cfbundle; includeInIndex = 0; path = peryiTests.xctest; sourceTree = BUILT_PRODUCTS_DIR; };
		0A98AFC61CCDE59D00721956 /* peryiTests.m */ = {isa = PBXFileReference; lastKnownFileType = sourcecode.c.objc; path = peryiTests.m; sourceTree = "<group>"; };
		0A98AFC81CCDE59D00721956 /* Info.plist */ = {isa = PBXFileReference; lastKnownFileType = text.plist.xml; path = Info.plist; sourceTree = "<group>"; };
		0A98AFCD1CCDE59D00721956 /* peryiUITests.xctest */ = {isa = PBXFileReference; explicitFileType = wrapper.cfbundle; includeInIndex = 0; path = peryiUITests.xctest; sourceTree = BUILT_PRODUCTS_DIR; };
		0A98AFD11CCDE59D00721956 /* peryiUITests.m */ = {isa = PBXFileReference; lastKnownFileType = sourcecode.c.objc; path = peryiUITests.m; sourceTree = "<group>"; };
		0A98AFD31CCDE59D00721956 /* Info.plist */ = {isa = PBXFileReference; lastKnownFileType = text.plist.xml; path = Info.plist; sourceTree = "<group>"; };
		0A98AFF21CCDE86D00721956 /* ZKHomeController.h */ = {isa = PBXFileReference; fileEncoding = 4; lastKnownFileType = sourcecode.c.h; path = ZKHomeController.h; sourceTree = "<group>"; };
		0A98AFF31CCDE86D00721956 /* ZKHomeController.m */ = {isa = PBXFileReference; fileEncoding = 4; lastKnownFileType = sourcecode.c.objc; path = ZKHomeController.m; sourceTree = "<group>"; };
		0A98AFF71CCDE88000721956 /* ZKNewController.h */ = {isa = PBXFileReference; fileEncoding = 4; lastKnownFileType = sourcecode.c.h; path = ZKNewController.h; sourceTree = "<group>"; };
		0A98AFF81CCDE88000721956 /* ZKNewController.m */ = {isa = PBXFileReference; fileEncoding = 4; lastKnownFileType = sourcecode.c.objc; path = ZKNewController.m; sourceTree = "<group>"; };
		0A98B0011CCDE8C000721956 /* ZKSearchController.h */ = {isa = PBXFileReference; fileEncoding = 4; lastKnownFileType = sourcecode.c.h; path = ZKSearchController.h; sourceTree = "<group>"; };
		0A98B0021CCDE8C000721956 /* ZKSearchController.m */ = {isa = PBXFileReference; fileEncoding = 4; lastKnownFileType = sourcecode.c.objc; path = ZKSearchController.m; sourceTree = "<group>"; };
		0A98B0061CCDE8D700721956 /* ZKSettingsController.h */ = {isa = PBXFileReference; fileEncoding = 4; lastKnownFileType = sourcecode.c.h; path = ZKSettingsController.h; sourceTree = "<group>"; };
		0A98B0071CCDE8D700721956 /* ZKSettingsController.m */ = {isa = PBXFileReference; fileEncoding = 4; lastKnownFileType = sourcecode.c.objc; path = ZKSettingsController.m; sourceTree = "<group>"; };
		0A98B0131CCDFC8200721956 /* ZKMainController.h */ = {isa = PBXFileReference; fileEncoding = 4; lastKnownFileType = sourcecode.c.h; path = ZKMainController.h; sourceTree = "<group>"; };
		0A98B0141CCDFC8200721956 /* ZKMainController.m */ = {isa = PBXFileReference; fileEncoding = 4; lastKnownFileType = sourcecode.c.objc; path = ZKMainController.m; sourceTree = "<group>"; };
		0A98B0161CCDFCB100721956 /* ZKNavigationController.h */ = {isa = PBXFileReference; fileEncoding = 4; lastKnownFileType = sourcecode.c.h; path = ZKNavigationController.h; sourceTree = "<group>"; };
		0A98B0171CCDFCB100721956 /* ZKNavigationController.m */ = {isa = PBXFileReference; fileEncoding = 4; lastKnownFileType = sourcecode.c.objc; path = ZKNavigationController.m; sourceTree = "<group>"; };
		0A98B0591CCE59A300721956 /* AutoSlideScrollView.h */ = {isa = PBXFileReference; fileEncoding = 4; lastKnownFileType = sourcecode.c.h; path = AutoSlideScrollView.h; sourceTree = "<group>"; };
		0A98B05A1CCE59A300721956 /* AutoSlideScrollView.m */ = {isa = PBXFileReference; fileEncoding = 4; lastKnownFileType = sourcecode.c.objc; path = AutoSlideScrollView.m; sourceTree = "<group>"; };
		0A98B05B1CCE59A300721956 /* NSTimer+Addition.h */ = {isa = PBXFileReference; fileEncoding = 4; lastKnownFileType = sourcecode.c.h; path = "NSTimer+Addition.h"; sourceTree = "<group>"; };
		0A98B05C1CCE59A300721956 /* NSTimer+Addition.m */ = {isa = PBXFileReference; fileEncoding = 4; lastKnownFileType = sourcecode.c.objc; path = "NSTimer+Addition.m"; sourceTree = "<group>"; };
		0AB2820E1CE5CDB800AA8B02 /* ZKHistoryANDStartCell.h */ = {isa = PBXFileReference; fileEncoding = 4; lastKnownFileType = sourcecode.c.h; path = ZKHistoryANDStartCell.h; sourceTree = "<group>"; };
		0AB2820F1CE5CDB800AA8B02 /* ZKHistoryANDStartCell.m */ = {isa = PBXFileReference; fileEncoding = 4; lastKnownFileType = sourcecode.c.objc; path = ZKHistoryANDStartCell.m; sourceTree = "<group>"; };
		0AC234611CD33DC3000D6141 /* ZKDetailListView.h */ = {isa = PBXFileReference; fileEncoding = 4; lastKnownFileType = sourcecode.c.h; path = ZKDetailListView.h; sourceTree = "<group>"; };
		0AC234621CD33DC3000D6141 /* ZKDetailListView.m */ = {isa = PBXFileReference; fileEncoding = 4; lastKnownFileType = sourcecode.c.objc; path = ZKDetailListView.m; sourceTree = "<group>"; };
		0AC234641CD3483B000D6141 /* ZKDetailAbout.h */ = {isa = PBXFileReference; fileEncoding = 4; lastKnownFileType = sourcecode.c.h; path = ZKDetailAbout.h; sourceTree = "<group>"; };
		0AC234651CD3483B000D6141 /* ZKDetailAbout.m */ = {isa = PBXFileReference; fileEncoding = 4; lastKnownFileType = sourcecode.c.objc; path = ZKDetailAbout.m; sourceTree = "<group>"; };
		0AC234671CD34854000D6141 /* ZKDetailPlay.h */ = {isa = PBXFileReference; fileEncoding = 4; lastKnownFileType = sourcecode.c.h; path = ZKDetailPlay.h; sourceTree = "<group>"; };
		0AC234681CD34854000D6141 /* ZKDetailPlay.m */ = {isa = PBXFileReference; fileEncoding = 4; lastKnownFileType = sourcecode.c.objc; path = ZKDetailPlay.m; sourceTree = "<group>"; };
		0AC2346A1CD34872000D6141 /* ZKDetailDown.h */ = {isa = PBXFileReference; fileEncoding = 4; lastKnownFileType = sourcecode.c.h; path = ZKDetailDown.h; sourceTree = "<group>"; };
		0AC2346B1CD34872000D6141 /* ZKDetailDown.m */ = {isa = PBXFileReference; fileEncoding = 4; lastKnownFileType = sourcecode.c.objc; path = ZKDetailDown.m; sourceTree = "<group>"; };
		0AC2346D1CD34887000D6141 /* ZKDetailYourLike.h */ = {isa = PBXFileReference; fileEncoding = 4; lastKnownFileType = sourcecode.c.h; path = ZKDetailYourLike.h; sourceTree = "<group>"; };
		0AC2346E1CD34887000D6141 /* ZKDetailYourLike.m */ = {isa = PBXFileReference; fileEncoding = 4; lastKnownFileType = sourcecode.c.objc; path = ZKDetailYourLike.m; sourceTree = "<group>"; };
		0AC234761CD3572C000D6141 /* ZKInfoView.h */ = {isa = PBXFileReference; fileEncoding = 4; lastKnownFileType = sourcecode.c.h; path = ZKInfoView.h; sourceTree = "<group>"; };
		0AC234771CD3572C000D6141 /* ZKInfoView.m */ = {isa = PBXFileReference; fileEncoding = 4; lastKnownFileType = sourcecode.c.objc; path = ZKInfoView.m; sourceTree = "<group>"; };
		0AC234791CD35745000D6141 /* ZKInfoView.xib */ = {isa = PBXFileReference; fileEncoding = 4; lastKnownFileType = file.xib; path = ZKInfoView.xib; sourceTree = "<group>"; };
		0AC4669F1CEAD15300646E68 /* ZKSearchModel.h */ = {isa = PBXFileReference; fileEncoding = 4; lastKnownFileType = sourcecode.c.h; path = ZKSearchModel.h; sourceTree = "<group>"; };
		0AC466A01CEAD15300646E68 /* ZKSearchModel.m */ = {isa = PBXFileReference; fileEncoding = 4; lastKnownFileType = sourcecode.c.objc; path = ZKSearchModel.m; sourceTree = "<group>"; };
		0AC466A21CEAE9E800646E68 /* ZKPageTips.h */ = {isa = PBXFileReference; fileEncoding = 4; lastKnownFileType = sourcecode.c.h; path = ZKPageTips.h; sourceTree = "<group>"; };
		0AC466A31CEAE9E800646E68 /* ZKPageTips.m */ = {isa = PBXFileReference; fileEncoding = 4; lastKnownFileType = sourcecode.c.objc; path = ZKPageTips.m; sourceTree = "<group>"; };
		0AC466A51CEAE9FA00646E68 /* ZKPageTips.xib */ = {isa = PBXFileReference; fileEncoding = 4; lastKnownFileType = file.xib; path = ZKPageTips.xib; sourceTree = "<group>"; };
		0AC466A71CEAF94000646E68 /* NSFileManager+ZKCache.h */ = {isa = PBXFileReference; fileEncoding = 4; lastKnownFileType = sourcecode.c.h; path = "NSFileManager+ZKCache.h"; sourceTree = "<group>"; };
		0AC466A81CEAF94100646E68 /* NSFileManager+ZKCache.m */ = {isa = PBXFileReference; fileEncoding = 4; lastKnownFileType = sourcecode.c.objc; path = "NSFileManager+ZKCache.m"; sourceTree = "<group>"; };
		0AD84E681CF3E72500DB0357 /* MessageUI.framework */ = {isa = PBXFileReference; lastKnownFileType = wrapper.framework; name = MessageUI.framework; path = System/Library/Frameworks/MessageUI.framework; sourceTree = SDKROOT; };
		0AD84E6A1CF4176D00DB0357 /* ZKAboutView.xib */ = {isa = PBXFileReference; fileEncoding = 4; lastKnownFileType = file.xib; path = ZKAboutView.xib; sourceTree = "<group>"; };
		0AD84E6C1CF41A6A00DB0357 /* ZKAboutView.h */ = {isa = PBXFileReference; fileEncoding = 4; lastKnownFileType = sourcecode.c.h; path = ZKAboutView.h; sourceTree = "<group>"; };
		0AD84E6D1CF41A6A00DB0357 /* ZKAboutView.m */ = {isa = PBXFileReference; fileEncoding = 4; lastKnownFileType = sourcecode.c.objc; path = ZKAboutView.m; sourceTree = "<group>"; };
		0AE40AFD1CD9A59F0069FB80 /* ZKPlayAndDownloadView.xib */ = {isa = PBXFileReference; fileEncoding = 4; lastKnownFileType = file.xib; path = ZKPlayAndDownloadView.xib; sourceTree = "<group>"; };
		0AE40AFF1CD9A7B50069FB80 /* ZKSegmentedControl.h */ = {isa = PBXFileReference; fileEncoding = 4; lastKnownFileType = sourcecode.c.h; path = ZKSegmentedControl.h; sourceTree = "<group>"; };
		0AE40B001CD9A7B50069FB80 /* ZKSegmentedControl.m */ = {isa = PBXFileReference; fileEncoding = 4; lastKnownFileType = sourcecode.c.objc; path = ZKSegmentedControl.m; sourceTree = "<group>"; };
		0AE40B021CD9B21B0069FB80 /* ZKPlayAndDownCell.h */ = {isa = PBXFileReference; fileEncoding = 4; lastKnownFileType = sourcecode.c.h; path = ZKPlayAndDownCell.h; sourceTree = "<group>"; };
		0AE40B031CD9B21B0069FB80 /* ZKPlayAndDownCell.m */ = {isa = PBXFileReference; fileEncoding = 4; lastKnownFileType = sourcecode.c.objc; path = ZKPlayAndDownCell.m; sourceTree = "<group>"; };
		0AE40B071CDB26EC0069FB80 /* ZKPlayListCollectionHeader.h */ = {isa = PBXFileReference; fileEncoding = 4; lastKnownFileType = sourcecode.c.h; path = ZKPlayListCollectionHeader.h; sourceTree = "<group>"; };
		0AE40B081CDB26EC0069FB80 /* ZKPlayListCollectionHeader.m */ = {isa = PBXFileReference; fileEncoding = 4; lastKnownFileType = sourcecode.c.objc; path = ZKPlayListCollectionHeader.m; sourceTree = "<group>"; };
		0AEA0D871CED9FDB00660989 /* SystemConfiguration.framework */ = {isa = PBXFileReference; lastKnownFileType = wrapper.framework; name = SystemConfiguration.framework; path = System/Library/Frameworks/SystemConfiguration.framework; sourceTree = SDKROOT; };
		0AEA0D8E1CEDB42600660989 /* ZKSettingModel.h */ = {isa = PBXFileReference; fileEncoding = 4; lastKnownFileType = sourcecode.c.h; path = ZKSettingModel.h; sourceTree = "<group>"; };
		0AEA0D8F1CEDB42600660989 /* ZKSettingModel.m */ = {isa = PBXFileReference; fileEncoding = 4; lastKnownFileType = sourcecode.c.objc; path = ZKSettingModel.m; sourceTree = "<group>"; };
		0AEA0D911CEDB54F00660989 /* ZKSettingModelTool.h */ = {isa = PBXFileReference; fileEncoding = 4; lastKnownFileType = sourcecode.c.h; path = ZKSettingModelTool.h; sourceTree = "<group>"; };
		0AEA0D921CEDB54F00660989 /* ZKSettingModelTool.m */ = {isa = PBXFileReference; fileEncoding = 4; lastKnownFileType = sourcecode.c.objc; path = ZKSettingModelTool.m; sourceTree = "<group>"; };
		0AEA0D941CEDF4E500660989 /* ZKDMListTouchVC.h */ = {isa = PBXFileReference; fileEncoding = 4; lastKnownFileType = sourcecode.c.h; path = ZKDMListTouchVC.h; sourceTree = "<group>"; };
		0AEA0D951CEDF4E500660989 /* ZKDMListTouchVC.m */ = {isa = PBXFileReference; fileEncoding = 4; lastKnownFileType = sourcecode.c.objc; path = ZKDMListTouchVC.m; sourceTree = "<group>"; };
		0AEEF1941CD997E80096BC59 /* Assets.xcassets */ = {isa = PBXFileReference; lastKnownFileType = folder.assetcatalog; path = Assets.xcassets; sourceTree = "<group>"; };
		0AEF51EA1CE5D14600FF7892 /* ZKHistoryANDStartCell.xib */ = {isa = PBXFileReference; fileEncoding = 4; lastKnownFileType = file.xib; path = ZKHistoryANDStartCell.xib; sourceTree = "<group>"; };
		0AF13A6F1CDC6F2100C9BF93 /* ZKLikeCollectionViewCell.h */ = {isa = PBXFileReference; fileEncoding = 4; lastKnownFileType = sourcecode.c.h; path = ZKLikeCollectionViewCell.h; sourceTree = "<group>"; };
		0AF13A701CDC6F2100C9BF93 /* ZKLikeCollectionViewCell.m */ = {isa = PBXFileReference; fileEncoding = 4; lastKnownFileType = sourcecode.c.objc; path = ZKLikeCollectionViewCell.m; sourceTree = "<group>"; };
		0AF13A721CDC6F2C00C9BF93 /* ZKLikeCollectionViewCell.xib */ = {isa = PBXFileReference; fileEncoding = 4; lastKnownFileType = file.xib; path = ZKLikeCollectionViewCell.xib; sourceTree = "<group>"; };
		0AF13A761CDC8AFF00C9BF93 /* ZKLikeListView.h */ = {isa = PBXFileReference; fileEncoding = 4; lastKnownFileType = sourcecode.c.h; path = ZKLikeListView.h; sourceTree = "<group>"; };
		0AF13A771CDC8AFF00C9BF93 /* ZKLikeListView.m */ = {isa = PBXFileReference; fileEncoding = 4; lastKnownFileType = sourcecode.c.objc; path = ZKLikeListView.m; sourceTree = "<group>"; };
		0AF13A791CDC8B1B00C9BF93 /* ZKLikeListView.xib */ = {isa = PBXFileReference; fileEncoding = 4; lastKnownFileType = file.xib; path = ZKLikeListView.xib; sourceTree = "<group>"; };
		0AF585D11CE5A17800DE8950 /* ZKDataTools.h */ = {isa = PBXFileReference; fileEncoding = 4; lastKnownFileType = sourcecode.c.h; path = ZKDataTools.h; sourceTree = "<group>"; };
		0AF585D21CE5A17800DE8950 /* ZKDataTools.m */ = {isa = PBXFileReference; fileEncoding = 4; lastKnownFileType = sourcecode.c.objc; path = ZKDataTools.m; sourceTree = "<group>"; };
		0AF585D61CE5A56100DE8950 /* DMLIST.db */ = {isa = PBXFileReference; lastKnownFileType = file; path = DMLIST.db; sourceTree = "<group>"; };
		0AF675191CCF1710002CE56B /* ZKSlideView.h */ = {isa = PBXFileReference; fileEncoding = 4; lastKnownFileType = sourcecode.c.h; path = ZKSlideView.h; sourceTree = "<group>"; };
		0AF6751A1CCF1710002CE56B /* ZKSlideView.m */ = {isa = PBXFileReference; fileEncoding = 4; lastKnownFileType = sourcecode.c.objc; path = ZKSlideView.m; sourceTree = "<group>"; };
		0AF6751C1CCF1756002CE56B /* ZKHomeList.h */ = {isa = PBXFileReference; fileEncoding = 4; lastKnownFileType = sourcecode.c.h; path = ZKHomeList.h; sourceTree = "<group>"; };
		0AF6751D1CCF1756002CE56B /* ZKHomeList.m */ = {isa = PBXFileReference; fileEncoding = 4; lastKnownFileType = sourcecode.c.objc; path = ZKHomeList.m; sourceTree = "<group>"; };
		0AF6752D1CCF28F3002CE56B /* NSMutableString+Common.h */ = {isa = PBXFileReference; fileEncoding = 4; lastKnownFileType = sourcecode.c.h; path = "NSMutableString+Common.h"; sourceTree = "<group>"; };
		0AF6752E1CCF28F3002CE56B /* NSMutableString+Common.m */ = {isa = PBXFileReference; fileEncoding = 4; lastKnownFileType = sourcecode.c.objc; path = "NSMutableString+Common.m"; sourceTree = "<group>"; };
		0AF675311CCF28F3002CE56B /* NSObject+ObjectMap.h */ = {isa = PBXFileReference; fileEncoding = 4; lastKnownFileType = sourcecode.c.h; path = "NSObject+ObjectMap.h"; sourceTree = "<group>"; };
		0AF675321CCF28F3002CE56B /* NSObject+ObjectMap.m */ = {isa = PBXFileReference; fileEncoding = 4; lastKnownFileType = sourcecode.c.objc; path = "NSObject+ObjectMap.m"; sourceTree = "<group>"; };
		0AF675331CCF28F3002CE56B /* NSString+Attribute.h */ = {isa = PBXFileReference; fileEncoding = 4; lastKnownFileType = sourcecode.c.h; path = "NSString+Attribute.h"; sourceTree = "<group>"; };
		0AF675341CCF28F3002CE56B /* NSString+Attribute.m */ = {isa = PBXFileReference; fileEncoding = 4; lastKnownFileType = sourcecode.c.objc; path = "NSString+Attribute.m"; sourceTree = "<group>"; };
		0AF675371CCF28F3002CE56B /* NSTimer+Common.h */ = {isa = PBXFileReference; fileEncoding = 4; lastKnownFileType = sourcecode.c.h; path = "NSTimer+Common.h"; sourceTree = "<group>"; };
		0AF675381CCF28F3002CE56B /* NSTimer+Common.m */ = {isa = PBXFileReference; fileEncoding = 4; lastKnownFileType = sourcecode.c.objc; path = "NSTimer+Common.m"; sourceTree = "<group>"; };
		0AF675391CCF28F3002CE56B /* NSURL+Common.h */ = {isa = PBXFileReference; fileEncoding = 4; lastKnownFileType = sourcecode.c.h; path = "NSURL+Common.h"; sourceTree = "<group>"; };
		0AF6753A1CCF28F3002CE56B /* NSURL+Common.m */ = {isa = PBXFileReference; fileEncoding = 4; lastKnownFileType = sourcecode.c.objc; path = "NSURL+Common.m"; sourceTree = "<group>"; };
		0AF6753D1CCF28F3002CE56B /* UIActionSheet+Front.h */ = {isa = PBXFileReference; fileEncoding = 4; lastKnownFileType = sourcecode.c.h; path = "UIActionSheet+Front.h"; sourceTree = "<group>"; };
		0AF6753E1CCF28F3002CE56B /* UIActionSheet+Front.m */ = {isa = PBXFileReference; fileEncoding = 4; lastKnownFileType = sourcecode.c.objc; path = "UIActionSheet+Front.m"; sourceTree = "<group>"; };
		0AF6753F1CCF28F3002CE56B /* UIBarButtonItem+Common.h */ = {isa = PBXFileReference; fileEncoding = 4; lastKnownFileType = sourcecode.c.h; path = "UIBarButtonItem+Common.h"; sourceTree = "<group>"; };
		0AF675401CCF28F3002CE56B /* UIBarButtonItem+Common.m */ = {isa = PBXFileReference; fileEncoding = 4; lastKnownFileType = sourcecode.c.objc; path = "UIBarButtonItem+Common.m"; sourceTree = "<group>"; };
		0AF675451CCF28F3002CE56B /* UIColor+expanded.h */ = {isa = PBXFileReference; fileEncoding = 4; lastKnownFileType = sourcecode.c.h; path = "UIColor+expanded.h"; sourceTree = "<group>"; };
		0AF675461CCF28F3002CE56B /* UIColor+expanded.m */ = {isa = PBXFileReference; fileEncoding = 4; lastKnownFileType = sourcecode.c.objc; path = "UIColor+expanded.m"; sourceTree = "<group>"; };
		0AF675471CCF28F3002CE56B /* UIDevice+Info.h */ = {isa = PBXFileReference; fileEncoding = 4; lastKnownFileType = sourcecode.c.h; path = "UIDevice+Info.h"; sourceTree = "<group>"; };
		0AF675481CCF28F3002CE56B /* UIDevice+Info.m */ = {isa = PBXFileReference; fileEncoding = 4; lastKnownFileType = sourcecode.c.objc; path = "UIDevice+Info.m"; sourceTree = "<group>"; };
		0AF675491CCF28F3002CE56B /* UIImage+Common.h */ = {isa = PBXFileReference; fileEncoding = 4; lastKnownFileType = sourcecode.c.h; path = "UIImage+Common.h"; sourceTree = "<group>"; };
		0AF6754A1CCF28F3002CE56B /* UIImage+Common.m */ = {isa = PBXFileReference; fileEncoding = 4; lastKnownFileType = sourcecode.c.objc; path = "UIImage+Common.m"; sourceTree = "<group>"; };
		0AF6754B1CCF28F3002CE56B /* UILabel+Common.h */ = {isa = PBXFileReference; fileEncoding = 4; lastKnownFileType = sourcecode.c.h; path = "UILabel+Common.h"; sourceTree = "<group>"; };
		0AF6754C1CCF28F3002CE56B /* UILabel+Common.m */ = {isa = PBXFileReference; fileEncoding = 4; lastKnownFileType = sourcecode.c.objc; path = "UILabel+Common.m"; sourceTree = "<group>"; };
		0AF675511CCF28F3002CE56B /* UIView+Common.h */ = {isa = PBXFileReference; fileEncoding = 4; lastKnownFileType = sourcecode.c.h; path = "UIView+Common.h"; sourceTree = "<group>"; };
		0AF675521CCF28F3002CE56B /* UIView+Common.m */ = {isa = PBXFileReference; fileEncoding = 4; lastKnownFileType = sourcecode.c.objc; path = "UIView+Common.m"; sourceTree = "<group>"; };
		0AF675531CCF28F3002CE56B /* UIView+Frame.h */ = {isa = PBXFileReference; fileEncoding = 4; lastKnownFileType = sourcecode.c.h; path = "UIView+Frame.h"; sourceTree = "<group>"; };
		0AF675541CCF28F3002CE56B /* UIView+Frame.m */ = {isa = PBXFileReference; fileEncoding = 4; lastKnownFileType = sourcecode.c.objc; path = "UIView+Frame.m"; sourceTree = "<group>"; };
		0AF675551CCF28F3002CE56B /* UIView+PressMenu.h */ = {isa = PBXFileReference; fileEncoding = 4; lastKnownFileType = sourcecode.c.h; path = "UIView+PressMenu.h"; sourceTree = "<group>"; };
		0AF675561CCF28F3002CE56B /* UIView+PressMenu.m */ = {isa = PBXFileReference; fileEncoding = 4; lastKnownFileType = sourcecode.c.objc; path = "UIView+PressMenu.m"; sourceTree = "<group>"; };
		0AF675571CCF28F3002CE56B /* UIViewController+BackButtonHandler.h */ = {isa = PBXFileReference; fileEncoding = 4; lastKnownFileType = sourcecode.c.h; path = "UIViewController+BackButtonHandler.h"; sourceTree = "<group>"; };
		0AF675581CCF28F3002CE56B /* UIViewController+BackButtonHandler.m */ = {isa = PBXFileReference; fileEncoding = 4; lastKnownFileType = sourcecode.c.objc; path = "UIViewController+BackButtonHandler.m"; sourceTree = "<group>"; };
		0AF675A11CCF2EA8002CE56B /* banner__page_unselected@2x.png */ = {isa = PBXFileReference; lastKnownFileType = image.png; path = "banner__page_unselected@2x.png"; sourceTree = "<group>"; };
		0AF675A31CCF2EB6002CE56B /* banner__page_selected@2x.png */ = {isa = PBXFileReference; lastKnownFileType = image.png; path = "banner__page_selected@2x.png"; sourceTree = "<group>"; };
		0AF675AB1CCF40E9002CE56B /* NSString+Common.h */ = {isa = PBXFileReference; fileEncoding = 4; lastKnownFileType = sourcecode.c.h; path = "NSString+Common.h"; sourceTree = "<group>"; };
		0AF675AC1CCF40E9002CE56B /* NSString+Common.m */ = {isa = PBXFileReference; fileEncoding = 4; lastKnownFileType = sourcecode.c.objc; path = "NSString+Common.m"; sourceTree = "<group>"; };
		0AF675B41CCF6B35002CE56B /* MBProgressHUD.bundle */ = {isa = PBXFileReference; lastKnownFileType = "wrapper.plug-in"; path = MBProgressHUD.bundle; sourceTree = "<group>"; };
		0AF675B51CCF6B35002CE56B /* MBProgressHUD.h */ = {isa = PBXFileReference; fileEncoding = 4; lastKnownFileType = sourcecode.c.h; path = MBProgressHUD.h; sourceTree = "<group>"; };
		0AF675B61CCF6B35002CE56B /* MBProgressHUD.m */ = {isa = PBXFileReference; fileEncoding = 4; lastKnownFileType = sourcecode.c.objc; path = MBProgressHUD.m; sourceTree = "<group>"; };
		0AF675B71CCF6B35002CE56B /* MBProgressHUD+Extend.h */ = {isa = PBXFileReference; fileEncoding = 4; lastKnownFileType = sourcecode.c.h; path = "MBProgressHUD+Extend.h"; sourceTree = "<group>"; };
		0AF675B81CCF6B35002CE56B /* MBProgressHUD+Extend.m */ = {isa = PBXFileReference; fileEncoding = 4; lastKnownFileType = sourcecode.c.objc; path = "MBProgressHUD+Extend.m"; sourceTree = "<group>"; };
		0AF675C01CD1E3F5002CE56B /* ZKHomeCollectionCell.h */ = {isa = PBXFileReference; fileEncoding = 4; lastKnownFileType = sourcecode.c.h; path = ZKHomeCollectionCell.h; sourceTree = "<group>"; };
		0AF675C11CD1E3F5002CE56B /* ZKHomeCollectionCell.m */ = {isa = PBXFileReference; fileEncoding = 4; lastKnownFileType = sourcecode.c.objc; path = ZKHomeCollectionCell.m; sourceTree = "<group>"; };
		0AF675C81CD1FCE9002CE56B /* ZKVideoController.h */ = {isa = PBXFileReference; fileEncoding = 4; lastKnownFileType = sourcecode.c.h; path = ZKVideoController.h; sourceTree = "<group>"; };
		0AF675C91CD1FCE9002CE56B /* ZKVideoController.m */ = {isa = PBXFileReference; fileEncoding = 4; lastKnownFileType = sourcecode.c.objc; path = ZKVideoController.m; sourceTree = "<group>"; };
		0AF675CC1CD20D63002CE56B /* MediaPlayer.framework */ = {isa = PBXFileReference; lastKnownFileType = wrapper.framework; name = MediaPlayer.framework; path = System/Library/Frameworks/MediaPlayer.framework; sourceTree = SDKROOT; };
		0AF675CE1CD20D6A002CE56B /* AVFoundation.framework */ = {isa = PBXFileReference; lastKnownFileType = wrapper.framework; name = AVFoundation.framework; path = System/Library/Frameworks/AVFoundation.framework; sourceTree = SDKROOT; };
		163565F221DD6E38340B6102 /* Pods.debug.xcconfig */ = {isa = PBXFileReference; includeInIndex = 1; lastKnownFileType = text.xcconfig; name = Pods.debug.xcconfig; path = "Pods/Target Support Files/Pods/Pods.debug.xcconfig"; sourceTree = "<group>"; };
		AB36DF4E1CFD287C00D7816A /* LICENSE */ = {isa = PBXFileReference; fileEncoding = 4; lastKnownFileType = text; path = LICENSE; sourceTree = "<group>"; };
		AB36DF4F1CFD287C00D7816A /* README.md */ = {isa = PBXFileReference; fileEncoding = 4; lastKnownFileType = net.daringfireball.markdown; path = README.md; sourceTree = "<group>"; };
		AB36DF511CFD287C00D7816A /* ZFBrightnessView.h */ = {isa = PBXFileReference; fileEncoding = 4; lastKnownFileType = sourcecode.c.h; path = ZFBrightnessView.h; sourceTree = "<group>"; };
		AB36DF521CFD287C00D7816A /* ZFBrightnessView.m */ = {isa = PBXFileReference; fileEncoding = 4; lastKnownFileType = sourcecode.c.objc; path = ZFBrightnessView.m; sourceTree = "<group>"; };
		AB36DF531CFD287C00D7816A /* ZFPlayer.bundle */ = {isa = PBXFileReference; lastKnownFileType = "wrapper.plug-in"; path = ZFPlayer.bundle; sourceTree = "<group>"; };
		AB36DF541CFD287C00D7816A /* ZFPlayer.h */ = {isa = PBXFileReference; fileEncoding = 4; lastKnownFileType = sourcecode.c.h; path = ZFPlayer.h; sourceTree = "<group>"; };
		AB36DF551CFD287C00D7816A /* ZFPlayerControlView.h */ = {isa = PBXFileReference; fileEncoding = 4; lastKnownFileType = sourcecode.c.h; path = ZFPlayerControlView.h; sourceTree = "<group>"; };
		AB36DF561CFD287C00D7816A /* ZFPlayerControlView.m */ = {isa = PBXFileReference; fileEncoding = 4; lastKnownFileType = sourcecode.c.objc; path = ZFPlayerControlView.m; sourceTree = "<group>"; };
		AB36DF581CFD287C00D7816A /* ZFDownloadManager.h */ = {isa = PBXFileReference; fileEncoding = 4; lastKnownFileType = sourcecode.c.h; path = ZFDownloadManager.h; sourceTree = "<group>"; };
		AB36DF591CFD287C00D7816A /* ZFDownloadManager.m */ = {isa = PBXFileReference; fileEncoding = 4; lastKnownFileType = sourcecode.c.objc; path = ZFDownloadManager.m; sourceTree = "<group>"; };
		AB36DF5A1CFD287C00D7816A /* ZFSessionModel.h */ = {isa = PBXFileReference; fileEncoding = 4; lastKnownFileType = sourcecode.c.h; path = ZFSessionModel.h; sourceTree = "<group>"; };
		AB36DF5B1CFD287C00D7816A /* ZFSessionModel.m */ = {isa = PBXFileReference; fileEncoding = 4; lastKnownFileType = sourcecode.c.objc; path = ZFSessionModel.m; sourceTree = "<group>"; };
		AB36DF5C1CFD287C00D7816A /* ZFPlayerView.h */ = {isa = PBXFileReference; fileEncoding = 4; lastKnownFileType = sourcecode.c.h; path = ZFPlayerView.h; sourceTree = "<group>"; };
		AB36DF5D1CFD287C00D7816A /* ZFPlayerView.m */ = {isa = PBXFileReference; fileEncoding = 4; lastKnownFileType = sourcecode.c.objc; path = ZFPlayerView.m; sourceTree = "<group>"; };
		B30C00AEA65989715D7217E4 /* Pods.release.xcconfig */ = {isa = PBXFileReference; includeInIndex = 1; lastKnownFileType = text.xcconfig; name = Pods.release.xcconfig; path = "Pods/Target Support Files/Pods/Pods.release.xcconfig"; sourceTree = "<group>"; };
		E5072E4E02B11ED1DD3C68AE /* libPods.a */ = {isa = PBXFileReference; explicitFileType = archive.ar; includeInIndex = 0; path = libPods.a; sourceTree = BUILT_PRODUCTS_DIR; };
/* End PBXFileReference section */

/* Begin PBXFrameworksBuildPhase section */
		0A98AFA31CCDE59D00721956 /* Frameworks */ = {
			isa = PBXFrameworksBuildPhase;
			buildActionMask = 2147483647;
			files = (
				0AD84E691CF3E72500DB0357 /* MessageUI.framework in Frameworks */,
				0AEA0D881CED9FDB00660989 /* SystemConfiguration.framework in Frameworks */,
				0AF675CF1CD20D6A002CE56B /* AVFoundation.framework in Frameworks */,
				0AF675CD1CD20D63002CE56B /* MediaPlayer.framework in Frameworks */,
				062C2D588407A7288D3D827A /* libPods.a in Frameworks */,
			);
			runOnlyForDeploymentPostprocessing = 0;
		};
		0A98AFBF1CCDE59D00721956 /* Frameworks */ = {
			isa = PBXFrameworksBuildPhase;
			buildActionMask = 2147483647;
			files = (
			);
			runOnlyForDeploymentPostprocessing = 0;
		};
		0A98AFCA1CCDE59D00721956 /* Frameworks */ = {
			isa = PBXFrameworksBuildPhase;
			buildActionMask = 2147483647;
			files = (
			);
			runOnlyForDeploymentPostprocessing = 0;
		};
/* End PBXFrameworksBuildPhase section */

/* Begin PBXGroup section */
		0A5697DB1CCF039600F55397 /* Category */ = {
			isa = PBXGroup;
			children = (
				0A5697E31CCF04C300F55397 /* NSObject+ZKWebString.h */,
				0A5697E41CCF04C300F55397 /* NSObject+ZKWebString.m */,
				0A5697DC1CCF039600F55397 /* UIView+WF.h */,
				0A5697DD1CCF039600F55397 /* UIView+WF.m */,
				0AF6752D1CCF28F3002CE56B /* NSMutableString+Common.h */,
				0AF6752E1CCF28F3002CE56B /* NSMutableString+Common.m */,
				0AF675311CCF28F3002CE56B /* NSObject+ObjectMap.h */,
				0AF675321CCF28F3002CE56B /* NSObject+ObjectMap.m */,
				0AF675AB1CCF40E9002CE56B /* NSString+Common.h */,
				0AF675AC1CCF40E9002CE56B /* NSString+Common.m */,
				0AF675331CCF28F3002CE56B /* NSString+Attribute.h */,
				0AF675341CCF28F3002CE56B /* NSString+Attribute.m */,
				0AF675371CCF28F3002CE56B /* NSTimer+Common.h */,
				0AF675381CCF28F3002CE56B /* NSTimer+Common.m */,
				0AF675391CCF28F3002CE56B /* NSURL+Common.h */,
				0AF6753A1CCF28F3002CE56B /* NSURL+Common.m */,
				0AF6753D1CCF28F3002CE56B /* UIActionSheet+Front.h */,
				0AF6753E1CCF28F3002CE56B /* UIActionSheet+Front.m */,
				0AF6753F1CCF28F3002CE56B /* UIBarButtonItem+Common.h */,
				0AF675401CCF28F3002CE56B /* UIBarButtonItem+Common.m */,
				0AF675451CCF28F3002CE56B /* UIColor+expanded.h */,
				0AF675461CCF28F3002CE56B /* UIColor+expanded.m */,
				0AF675471CCF28F3002CE56B /* UIDevice+Info.h */,
				0AF675481CCF28F3002CE56B /* UIDevice+Info.m */,
				0AF675491CCF28F3002CE56B /* UIImage+Common.h */,
				0AF6754A1CCF28F3002CE56B /* UIImage+Common.m */,
				0AF6754B1CCF28F3002CE56B /* UILabel+Common.h */,
				0AF6754C1CCF28F3002CE56B /* UILabel+Common.m */,
				0AF675511CCF28F3002CE56B /* UIView+Common.h */,
				0AF675521CCF28F3002CE56B /* UIView+Common.m */,
				0AF675531CCF28F3002CE56B /* UIView+Frame.h */,
				0AF675541CCF28F3002CE56B /* UIView+Frame.m */,
				0AF675551CCF28F3002CE56B /* UIView+PressMenu.h */,
				0AF675561CCF28F3002CE56B /* UIView+PressMenu.m */,
				0AF675571CCF28F3002CE56B /* UIViewController+BackButtonHandler.h */,
				0AF675581CCF28F3002CE56B /* UIViewController+BackButtonHandler.m */,
				0AC466A71CEAF94000646E68 /* NSFileManager+ZKCache.h */,
				0AC466A81CEAF94100646E68 /* NSFileManager+ZKCache.m */,
			);
			path = Category;
			sourceTree = "<group>";
		};
		0A5697DF1CCF03BB00F55397 /* HTTPTools */ = {
			isa = PBXGroup;
			children = (
				0A5697E01CCF03DC00F55397 /* ZKHttpTools.h */,
				0A5697E11CCF03DC00F55397 /* ZKHttpTools.m */,
			);
			path = HTTPTools;
			sourceTree = "<group>";
		};
		0A5697E61CCF050200F55397 /* MBProgressHUD */ = {
			isa = PBXGroup;
			children = (
				0AF675B41CCF6B35002CE56B /* MBProgressHUD.bundle */,
				0AF675B51CCF6B35002CE56B /* MBProgressHUD.h */,
				0AF675B61CCF6B35002CE56B /* MBProgressHUD.m */,
				0AF675B71CCF6B35002CE56B /* MBProgressHUD+Extend.h */,
				0AF675B81CCF6B35002CE56B /* MBProgressHUD+Extend.m */,
			);
			path = MBProgressHUD;
			sourceTree = "<group>";
		};
		0A98AF9D1CCDE59D00721956 = {
			isa = PBXGroup;
			children = (
				0A98AFA81CCDE59D00721956 /* peryi */,
				0A98AFC51CCDE59D00721956 /* peryiTests */,
				0A98AFD01CCDE59D00721956 /* peryiUITests */,
				0A98AFA71CCDE59D00721956 /* Products */,
				F0EF91A4CD2CAAF178EA0F8E /* Pods */,
				FF4CE4924EEE38AD3C04F073 /* Frameworks */,
			);
			sourceTree = "<group>";
		};
		0A98AFA71CCDE59D00721956 /* Products */ = {
			isa = PBXGroup;
			children = (
				0A98AFA61CCDE59D00721956 /* peryi.app */,
				0A98AFC21CCDE59D00721956 /* peryiTests.xctest */,
				0A98AFCD1CCDE59D00721956 /* peryiUITests.xctest */,
			);
			name = Products;
			sourceTree = "<group>";
		};
		0A98AFA81CCDE59D00721956 /* peryi */ = {
			isa = PBXGroup;
			children = (
				0A98AFDF1CCDE79200721956 /* Classes */,
				0A98AFAC1CCDE59D00721956 /* AppDelegate.h */,
				0A98AFAD1CCDE59D00721956 /* AppDelegate.m */,
				0AEEF1941CD997E80096BC59 /* Assets.xcassets */,
				0A98AFBA1CCDE59D00721956 /* LaunchScreen.storyboard */,
				0A98AFBD1CCDE59D00721956 /* Info.plist */,
				0A98AFB51CCDE59D00721956 /* peryi.xcdatamodeld */,
				0A98AFA91CCDE59D00721956 /* Supporting Files */,
			);
			path = peryi;
			sourceTree = "<group>";
		};
		0A98AFA91CCDE59D00721956 /* Supporting Files */ = {
			isa = PBXGroup;
			children = (
				0AF585D61CE5A56100DE8950 /* DMLIST.db */,
				0A98AFAA1CCDE59D00721956 /* main.m */,
			);
			name = "Supporting Files";
			sourceTree = "<group>";
		};
		0A98AFC51CCDE59D00721956 /* peryiTests */ = {
			isa = PBXGroup;
			children = (
				0A98AFC61CCDE59D00721956 /* peryiTests.m */,
				0A98AFC81CCDE59D00721956 /* Info.plist */,
			);
			path = peryiTests;
			sourceTree = "<group>";
		};
		0A98AFD01CCDE59D00721956 /* peryiUITests */ = {
			isa = PBXGroup;
			children = (
				0A98AFD11CCDE59D00721956 /* peryiUITests.m */,
				0A98AFD31CCDE59D00721956 /* Info.plist */,
			);
			path = peryiUITests;
			sourceTree = "<group>";
		};
		0A98AFDF1CCDE79200721956 /* Classes */ = {
			isa = PBXGroup;
			children = (
				0AF675C41CD1FCD3002CE56B /* Video */,
				0A98B0121CCDFC8200721956 /* Base */,
				0A98AFE01CCDE79200721956 /* Home */,
				0A98AFE81CCDE79200721956 /* Search */,
				0A98AFEC1CCDE79200721956 /* Settings */,
				0A98AFF01CCDE79200721956 /* Utils */,
				0A98AFF11CCDE7CC00721956 /* Others */,
				0A98AFE41CCDE79200721956 /* New */,
			);
			path = Classes;
			sourceTree = "<group>";
		};
		0A98AFE01CCDE79200721956 /* Home */ = {
			isa = PBXGroup;
			children = (
				0A98AFE11CCDE79200721956 /* Controller */,
				0A98AFE21CCDE79200721956 /* Model */,
				0A98AFE31CCDE79200721956 /* View */,
			);
			path = Home;
			sourceTree = "<group>";
		};
		0A98AFE11CCDE79200721956 /* Controller */ = {
			isa = PBXGroup;
			children = (
				0A98AFF21CCDE86D00721956 /* ZKHomeController.h */,
				0A98AFF31CCDE86D00721956 /* ZKHomeController.m */,
			);
			path = Controller;
			sourceTree = "<group>";
		};
		0A98AFE21CCDE79200721956 /* Model */ = {
			isa = PBXGroup;
			children = (
				0AF6751C1CCF1756002CE56B /* ZKHomeList.h */,
				0AF6751D1CCF1756002CE56B /* ZKHomeList.m */,
			);
			path = Model;
			sourceTree = "<group>";
		};
		0A98AFE31CCDE79200721956 /* View */ = {
			isa = PBXGroup;
			children = (
				0AF675191CCF1710002CE56B /* ZKSlideView.h */,
				0AF6751A1CCF1710002CE56B /* ZKSlideView.m */,
				0AF675C01CD1E3F5002CE56B /* ZKHomeCollectionCell.h */,
				0AF675C11CD1E3F5002CE56B /* ZKHomeCollectionCell.m */,
			);
			path = View;
			sourceTree = "<group>";
		};
		0A98AFE41CCDE79200721956 /* New */ = {
			isa = PBXGroup;
			children = (
				0A98AFE51CCDE79200721956 /* Controller */,
				0A98AFE61CCDE79200721956 /* Model */,
				0A98AFE71CCDE79200721956 /* View */,
			);
			path = New;
			sourceTree = "<group>";
		};
		0A98AFE51CCDE79200721956 /* Controller */ = {
			isa = PBXGroup;
			children = (
				0A98AFF71CCDE88000721956 /* ZKNewController.h */,
				0A98AFF81CCDE88000721956 /* ZKNewController.m */,
			);
			path = Controller;
			sourceTree = "<group>";
		};
		0A98AFE61CCDE79200721956 /* Model */ = {
			isa = PBXGroup;
			children = (
			);
			path = Model;
			sourceTree = "<group>";
		};
		0A98AFE71CCDE79200721956 /* View */ = {
			isa = PBXGroup;
			children = (
			);
			path = View;
			sourceTree = "<group>";
		};
		0A98AFE81CCDE79200721956 /* Search */ = {
			isa = PBXGroup;
			children = (
				0A98AFE91CCDE79200721956 /* Controller */,
				0A98AFEA1CCDE79200721956 /* Model */,
				0A98AFEB1CCDE79200721956 /* View */,
			);
			path = Search;
			sourceTree = "<group>";
		};
		0A98AFE91CCDE79200721956 /* Controller */ = {
			isa = PBXGroup;
			children = (
				0A98B0011CCDE8C000721956 /* ZKSearchController.h */,
				0A98B0021CCDE8C000721956 /* ZKSearchController.m */,
				0A5B8ECF1CE07099001C1940 /* ZKSearchDisplayController.h */,
				0A5B8ED01CE07099001C1940 /* ZKSearchDisplayController.m */,
				0A5B8EDB1CE1A13C001C1940 /* ZKDMListVC.h */,
				0A5B8EDC1CE1A13C001C1940 /* ZKDMListVC.m */,
				0AEA0D941CEDF4E500660989 /* ZKDMListTouchVC.h */,
				0AEA0D951CEDF4E500660989 /* ZKDMListTouchVC.m */,
			);
			path = Controller;
			sourceTree = "<group>";
		};
		0A98AFEA1CCDE79200721956 /* Model */ = {
			isa = PBXGroup;
			children = (
				0A5B8ED51CE183D4001C1940 /* ZKTypeModel.h */,
				0A5B8ED61CE183D4001C1940 /* ZKTypeModel.m */,
				0A5B8EE31CE1A99B001C1940 /* ZKListModel.h */,
				0A5B8EE41CE1A99B001C1940 /* ZKListModel.m */,
				0AC4669F1CEAD15300646E68 /* ZKSearchModel.h */,
				0AC466A01CEAD15300646E68 /* ZKSearchModel.m */,
			);
			path = Model;
			sourceTree = "<group>";
		};
		0A98AFEB1CCDE79200721956 /* View */ = {
			isa = PBXGroup;
			children = (
				0A5B8ECC1CE06231001C1940 /* ZKTypeCollection.h */,
				0A5B8ECD1CE06231001C1940 /* ZKTypeCollection.m */,
				0A5B8ED21CE076D3001C1940 /* ZKCollectionTypeCell.h */,
				0A5B8ED31CE076D3001C1940 /* ZKCollectionTypeCell.m */,
				0A5B8EDE1CE1A1CD001C1940 /* ZKDMListCell.h */,
				0A5B8EDF1CE1A1CD001C1940 /* ZKDMListCell.m */,
				0A5B8EE11CE1A66B001C1940 /* ZKDMListCell.xib */,
				0AC466A21CEAE9E800646E68 /* ZKPageTips.h */,
				0AC466A31CEAE9E800646E68 /* ZKPageTips.m */,
				0AC466A51CEAE9FA00646E68 /* ZKPageTips.xib */,
				0A5ED59F1CEEB17D00946D9F /* ZKDMListTouchView.h */,
				0A5ED5A01CEEB17D00946D9F /* ZKDMListTouchView.m */,
				0A5ED5A21CEEB19000946D9F /* ZKDMListTouchView.xib */,
			);
			path = View;
			sourceTree = "<group>";
		};
		0A98AFEC1CCDE79200721956 /* Settings */ = {
			isa = PBXGroup;
			children = (
				0A98AFED1CCDE79200721956 /* Controller */,
				0A98AFEE1CCDE79200721956 /* Model */,
				0A98AFEF1CCDE79200721956 /* View */,
			);
			path = Settings;
			sourceTree = "<group>";
		};
		0A98AFED1CCDE79200721956 /* Controller */ = {
			isa = PBXGroup;
			children = (
				0A98B0061CCDE8D700721956 /* ZKSettingsController.h */,
				0A98B0071CCDE8D700721956 /* ZKSettingsController.m */,
				0A691E8F1CE46EDA0030BCDE /* ZKDownLoadController.h */,
				0A691E901CE46EDA0030BCDE /* ZKDownLoadController.m */,
				0A691E981CE470B90030BCDE /* ZKPlayANDStarTableVC.h */,
				0A691E991CE470B90030BCDE /* ZKPlayANDStarTableVC.m */,
				0A691E9D1CE470E00030BCDE /* ZKAboutVC.h */,
				0A691E9E1CE470E00030BCDE /* ZKAboutVC.m */,
			);
			path = Controller;
			sourceTree = "<group>";
		};
		0A98AFEE1CCDE79200721956 /* Model */ = {
			isa = PBXGroup;
			children = (
			);
			path = Model;
			sourceTree = "<group>";
		};
		0A98AFEF1CCDE79200721956 /* View */ = {
			isa = PBXGroup;
			children = (
				0AB2820E1CE5CDB800AA8B02 /* ZKHistoryANDStartCell.h */,
				0AB2820F1CE5CDB800AA8B02 /* ZKHistoryANDStartCell.m */,
				0AEF51EA1CE5D14600FF7892 /* ZKHistoryANDStartCell.xib */,
				0A9605D71CED4F9300D04AC1 /* ZKDownLoadingCell.h */,
				0A9605D81CED4F9300D04AC1 /* ZKDownLoadingCell.m */,
				0A9605DD1CED4FFA00D04AC1 /* ZKDownLoadingCell.xib */,
				0A9605DA1CED4FF100D04AC1 /* ZKDownloadCompleteCell.h */,
				0A9605DB1CED4FF100D04AC1 /* ZKDownloadCompleteCell.m */,
				0A9605DF1CED500D00D04AC1 /* ZKDownloadCompleteCell.xib */,
				0AD84E6C1CF41A6A00DB0357 /* ZKAboutView.h */,
				0AD84E6D1CF41A6A00DB0357 /* ZKAboutView.m */,
				0AD84E6A1CF4176D00DB0357 /* ZKAboutView.xib */,
			);
			path = View;
			sourceTree = "<group>";
		};
		0A98AFF01CCDE79200721956 /* Utils */ = {
			isa = PBXGroup;
			children = (
				0A5697EF1CCF054500F55397 /* PeryiHeader.pch */,
				0A5697F01CCF0D5500F55397 /* Singelon.h */,
				0AF585D01CE5A16800DE8950 /* DataTools */,
				0A5697DF1CCF03BB00F55397 /* HTTPTools */,
				0A5697DB1CCF039600F55397 /* Category */,
			);
			path = Utils;
			sourceTree = "<group>";
		};
		0A98AFF11CCDE7CC00721956 /* Others */ = {
			isa = PBXGroup;
			children = (
				0AF675771CCF2E9E002CE56B /* Image */,
				0A98B0571CCE594900721956 /* Vender */,
			);
			path = Others;
			sourceTree = "<group>";
		};
		0A98B0121CCDFC8200721956 /* Base */ = {
			isa = PBXGroup;
			children = (
				0AEA0D8D1CEDB40500660989 /* model */,
				0AEA0D8C1CEDB3F700660989 /* controller */,
			);
			path = Base;
			sourceTree = "<group>";
		};
		0A98B0571CCE594900721956 /* Vender */ = {
			isa = PBXGroup;
			children = (
				AB36DF4D1CFD287C00D7816A /* ZFPlayer */,
				0A5ED5A41CEEDF3B00946D9F /* AFNetworkReachabilityManager.h */,
				0A5ED5A51CEEDF3B00946D9F /* AFNetworkReachabilityManager.m */,
				0A5697E61CCF050200F55397 /* MBProgressHUD */,
				0A98B0581CCE59A300721956 /* AutoSlideScrollView */,
			);
			name = Vender;
			path = ../Vender;
			sourceTree = "<group>";
		};
		0A98B0581CCE59A300721956 /* AutoSlideScrollView */ = {
			isa = PBXGroup;
			children = (
				0A98B0591CCE59A300721956 /* AutoSlideScrollView.h */,
				0A98B05A1CCE59A300721956 /* AutoSlideScrollView.m */,
				0A98B05B1CCE59A300721956 /* NSTimer+Addition.h */,
				0A98B05C1CCE59A300721956 /* NSTimer+Addition.m */,
			);
			path = AutoSlideScrollView;
			sourceTree = "<group>";
		};
		0AEA0D8C1CEDB3F700660989 /* controller */ = {
			isa = PBXGroup;
			children = (
				0A98B0131CCDFC8200721956 /* ZKMainController.h */,
				0A98B0141CCDFC8200721956 /* ZKMainController.m */,
				0A98B0161CCDFCB100721956 /* ZKNavigationController.h */,
				0A98B0171CCDFCB100721956 /* ZKNavigationController.m */,
			);
			name = controller;
			sourceTree = "<group>";
		};
		0AEA0D8D1CEDB40500660989 /* model */ = {
			isa = PBXGroup;
			children = (
				0AEA0D8E1CEDB42600660989 /* ZKSettingModel.h */,
				0AEA0D8F1CEDB42600660989 /* ZKSettingModel.m */,
				0AEA0D911CEDB54F00660989 /* ZKSettingModelTool.h */,
				0AEA0D921CEDB54F00660989 /* ZKSettingModelTool.m */,
			);
			name = model;
			sourceTree = "<group>";
		};
		0AF585D01CE5A16800DE8950 /* DataTools */ = {
			isa = PBXGroup;
			children = (
				0AF585D11CE5A17800DE8950 /* ZKDataTools.h */,
				0AF585D21CE5A17800DE8950 /* ZKDataTools.m */,
			);
			path = DataTools;
			sourceTree = "<group>";
		};
		0AF675771CCF2E9E002CE56B /* Image */ = {
			isa = PBXGroup;
			children = (
				0AF675A31CCF2EB6002CE56B /* banner__page_selected@2x.png */,
				0AF675A11CCF2EA8002CE56B /* banner__page_unselected@2x.png */,
				0AF675781CCF2E9E002CE56B /* tabbar */,
			);
			path = Image;
			sourceTree = "<group>";
		};
		0AF675781CCF2E9E002CE56B /* tabbar */ = {
			isa = PBXGroup;
			children = (
				0A5ED5B31CEF042800946D9F /* home_selected@2x.png */,
				0A5ED5B41CEF042800946D9F /* home_normal@2x.png */,
				0A5ED5B51CEF042800946D9F /* search_normal@2x.png */,
				0A5ED5B61CEF042800946D9F /* search_selected@2x.png */,
				0A5ED5B71CEF042800946D9F /* setting_selected@2x.png */,
				0A5ED5B81CEF042800946D9F /* setting_normal@2x.png */,
			);
			path = tabbar;
			sourceTree = "<group>";
		};
		0AF675C41CD1FCD3002CE56B /* Video */ = {
			isa = PBXGroup;
			children = (
				0AF675C51CD1FCD3002CE56B /* Controller */,
				0AF675C61CD1FCD3002CE56B /* Model */,
				0AF675C71CD1FCD3002CE56B /* View */,
			);
			path = Video;
			sourceTree = "<group>";
		};
		0AF675C51CD1FCD3002CE56B /* Controller */ = {
			isa = PBXGroup;
			children = (
				0AF675C81CD1FCE9002CE56B /* ZKVideoController.h */,
				0AF675C91CD1FCE9002CE56B /* ZKVideoController.m */,
			);
			path = Controller;
			sourceTree = "<group>";
		};
		0AF675C61CD1FCD3002CE56B /* Model */ = {
			isa = PBXGroup;
			children = (
				0AC234641CD3483B000D6141 /* ZKDetailAbout.h */,
				0AC234651CD3483B000D6141 /* ZKDetailAbout.m */,
				0AC234671CD34854000D6141 /* ZKDetailPlay.h */,
				0AC234681CD34854000D6141 /* ZKDetailPlay.m */,
				0AC2346A1CD34872000D6141 /* ZKDetailDown.h */,
				0AC2346B1CD34872000D6141 /* ZKDetailDown.m */,
				0AC2346D1CD34887000D6141 /* ZKDetailYourLike.h */,
				0AC2346E1CD34887000D6141 /* ZKDetailYourLike.m */,
			);
			path = Model;
			sourceTree = "<group>";
		};
		0AF675C71CD1FCD3002CE56B /* View */ = {
			isa = PBXGroup;
			children = (
				0AC234611CD33DC3000D6141 /* ZKDetailListView.h */,
				0AC234621CD33DC3000D6141 /* ZKDetailListView.m */,
				0AC234761CD3572C000D6141 /* ZKInfoView.h */,
				0AC234771CD3572C000D6141 /* ZKInfoView.m */,
				0AC234791CD35745000D6141 /* ZKInfoView.xib */,
				0A8823C71CD8A43800B05432 /* ZKPlayAndDownloadView.h */,
				0A8823C81CD8A43800B05432 /* ZKPlayAndDownloadView.m */,
				0AE40AFD1CD9A59F0069FB80 /* ZKPlayAndDownloadView.xib */,
				0AE40B021CD9B21B0069FB80 /* ZKPlayAndDownCell.h */,
				0AE40B031CD9B21B0069FB80 /* ZKPlayAndDownCell.m */,
				0AF13A761CDC8AFF00C9BF93 /* ZKLikeListView.h */,
				0AF13A771CDC8AFF00C9BF93 /* ZKLikeListView.m */,
				0AF13A791CDC8B1B00C9BF93 /* ZKLikeListView.xib */,
				0AF13A6F1CDC6F2100C9BF93 /* ZKLikeCollectionViewCell.h */,
				0AF13A701CDC6F2100C9BF93 /* ZKLikeCollectionViewCell.m */,
				0AF13A721CDC6F2C00C9BF93 /* ZKLikeCollectionViewCell.xib */,
				0AE40B071CDB26EC0069FB80 /* ZKPlayListCollectionHeader.h */,
				0AE40B081CDB26EC0069FB80 /* ZKPlayListCollectionHeader.m */,
				0AE40AFF1CD9A7B50069FB80 /* ZKSegmentedControl.h */,
				0AE40B001CD9A7B50069FB80 /* ZKSegmentedControl.m */,
			);
			path = View;
			sourceTree = "<group>";
		};
		AB36DF4D1CFD287C00D7816A /* ZFPlayer */ = {
			isa = PBXGroup;
			children = (
				AB36DF4E1CFD287C00D7816A /* LICENSE */,
				AB36DF4F1CFD287C00D7816A /* README.md */,
				AB36DF501CFD287C00D7816A /* ZFPlayer */,
			);
			path = ZFPlayer;
			sourceTree = "<group>";
		};
		AB36DF501CFD287C00D7816A /* ZFPlayer */ = {
			isa = PBXGroup;
			children = (
				AB36DF511CFD287C00D7816A /* ZFBrightnessView.h */,
				AB36DF521CFD287C00D7816A /* ZFBrightnessView.m */,
				AB36DF531CFD287C00D7816A /* ZFPlayer.bundle */,
				AB36DF541CFD287C00D7816A /* ZFPlayer.h */,
				AB36DF551CFD287C00D7816A /* ZFPlayerControlView.h */,
				AB36DF561CFD287C00D7816A /* ZFPlayerControlView.m */,
				AB36DF571CFD287C00D7816A /* ZFPlayerDownload */,
				AB36DF5C1CFD287C00D7816A /* ZFPlayerView.h */,
				AB36DF5D1CFD287C00D7816A /* ZFPlayerView.m */,
			);
			path = ZFPlayer;
			sourceTree = "<group>";
		};
		AB36DF571CFD287C00D7816A /* ZFPlayerDownload */ = {
			isa = PBXGroup;
			children = (
				AB36DF581CFD287C00D7816A /* ZFDownloadManager.h */,
				AB36DF591CFD287C00D7816A /* ZFDownloadManager.m */,
				AB36DF5A1CFD287C00D7816A /* ZFSessionModel.h */,
				AB36DF5B1CFD287C00D7816A /* ZFSessionModel.m */,
			);
			path = ZFPlayerDownload;
			sourceTree = "<group>";
		};
		F0EF91A4CD2CAAF178EA0F8E /* Pods */ = {
			isa = PBXGroup;
			children = (
				163565F221DD6E38340B6102 /* Pods.debug.xcconfig */,
				B30C00AEA65989715D7217E4 /* Pods.release.xcconfig */,
			);
			name = Pods;
			sourceTree = "<group>";
		};
		FF4CE4924EEE38AD3C04F073 /* Frameworks */ = {
			isa = PBXGroup;
			children = (
				0AD84E681CF3E72500DB0357 /* MessageUI.framework */,
				0AEA0D871CED9FDB00660989 /* SystemConfiguration.framework */,
				0AF675CE1CD20D6A002CE56B /* AVFoundation.framework */,
				0AF675CC1CD20D63002CE56B /* MediaPlayer.framework */,
				E5072E4E02B11ED1DD3C68AE /* libPods.a */,
			);
			name = Frameworks;
			sourceTree = "<group>";
		};
/* End PBXGroup section */

/* Begin PBXNativeTarget section */
		0A98AFA51CCDE59D00721956 /* peryi */ = {
			isa = PBXNativeTarget;
			buildConfigurationList = 0A98AFD61CCDE59D00721956 /* Build configuration list for PBXNativeTarget "peryi" */;
			buildPhases = (
				DEBA75E2B673603A7A3CF424 /* Check Pods Manifest.lock */,
				0A98AFA21CCDE59D00721956 /* Sources */,
				0A98AFA31CCDE59D00721956 /* Frameworks */,
				0A98AFA41CCDE59D00721956 /* Resources */,
				DD5824B8E49209CF4E0057AA /* Embed Pods Frameworks */,
				D8AA131F9030BB21C7D95533 /* Copy Pods Resources */,
			);
			buildRules = (
			);
			dependencies = (
			);
			name = peryi;
			productName = peryi;
			productReference = 0A98AFA61CCDE59D00721956 /* peryi.app */;
			productType = "com.apple.product-type.application";
		};
		0A98AFC11CCDE59D00721956 /* peryiTests */ = {
			isa = PBXNativeTarget;
			buildConfigurationList = 0A98AFD91CCDE59D00721956 /* Build configuration list for PBXNativeTarget "peryiTests" */;
			buildPhases = (
				0A98AFBE1CCDE59D00721956 /* Sources */,
				0A98AFBF1CCDE59D00721956 /* Frameworks */,
				0A98AFC01CCDE59D00721956 /* Resources */,
			);
			buildRules = (
			);
			dependencies = (
				0A98AFC41CCDE59D00721956 /* PBXTargetDependency */,
			);
			name = peryiTests;
			productName = peryiTests;
			productReference = 0A98AFC21CCDE59D00721956 /* peryiTests.xctest */;
			productType = "com.apple.product-type.bundle.unit-test";
		};
		0A98AFCC1CCDE59D00721956 /* peryiUITests */ = {
			isa = PBXNativeTarget;
			buildConfigurationList = 0A98AFDC1CCDE59D00721956 /* Build configuration list for PBXNativeTarget "peryiUITests" */;
			buildPhases = (
				0A98AFC91CCDE59D00721956 /* Sources */,
				0A98AFCA1CCDE59D00721956 /* Frameworks */,
				0A98AFCB1CCDE59D00721956 /* Resources */,
			);
			buildRules = (
			);
			dependencies = (
				0A98AFCF1CCDE59D00721956 /* PBXTargetDependency */,
			);
			name = peryiUITests;
			productName = peryiUITests;
			productReference = 0A98AFCD1CCDE59D00721956 /* peryiUITests.xctest */;
			productType = "com.apple.product-type.bundle.ui-testing";
		};
/* End PBXNativeTarget section */

/* Begin PBXProject section */
		0A98AF9E1CCDE59D00721956 /* Project object */ = {
			isa = PBXProject;
			attributes = {
				CLASSPREFIX = ZK;
				LastUpgradeCheck = 0730;
				ORGANIZATIONNAME = ZK;
				TargetAttributes = {
					0A98AFA51CCDE59D00721956 = {
						CreatedOnToolsVersion = 7.3;
						DevelopmentTeam = 8T5GB8CVP5;
					};
					0A98AFC11CCDE59D00721956 = {
						CreatedOnToolsVersion = 7.3;
						DevelopmentTeam = 8T5GB8CVP5;
						TestTargetID = 0A98AFA51CCDE59D00721956;
					};
					0A98AFCC1CCDE59D00721956 = {
						CreatedOnToolsVersion = 7.3;
						DevelopmentTeam = 8T5GB8CVP5;
						TestTargetID = 0A98AFA51CCDE59D00721956;
					};
				};
			};
			buildConfigurationList = 0A98AFA11CCDE59D00721956 /* Build configuration list for PBXProject "peryi" */;
			compatibilityVersion = "Xcode 3.2";
			developmentRegion = English;
			hasScannedForEncodings = 0;
			knownRegions = (
				en,
				Base,
			);
			mainGroup = 0A98AF9D1CCDE59D00721956;
			productRefGroup = 0A98AFA71CCDE59D00721956 /* Products */;
			projectDirPath = "";
			projectRoot = "";
			targets = (
				0A98AFA51CCDE59D00721956 /* peryi */,
				0A98AFC11CCDE59D00721956 /* peryiTests */,
				0A98AFCC1CCDE59D00721956 /* peryiUITests */,
			);
		};
/* End PBXProject section */

/* Begin PBXResourcesBuildPhase section */
		0A98AFA41CCDE59D00721956 /* Resources */ = {
			isa = PBXResourcesBuildPhase;
			buildActionMask = 2147483647;
			files = (
				0AD84E6B1CF4176D00DB0357 /* ZKAboutView.xib in Resources */,
				0A5ED5BE1CEF042800946D9F /* setting_normal@2x.png in Resources */,
				0A5ED5BA1CEF042800946D9F /* home_normal@2x.png in Resources */,
				0A5ED5BB1CEF042800946D9F /* search_normal@2x.png in Resources */,
				0AE40AFE1CD9A59F0069FB80 /* ZKPlayAndDownloadView.xib in Resources */,
				0A5ED5A31CEEB19000946D9F /* ZKDMListTouchView.xib in Resources */,
				0AEF51EB1CE5D14600FF7892 /* ZKHistoryANDStartCell.xib in Resources */,
				0AC2347A1CD35745000D6141 /* ZKInfoView.xib in Resources */,
				0A5ED5B91CEF042800946D9F /* home_selected@2x.png in Resources */,
				AB36DF611CFD287C00D7816A /* ZFPlayer.bundle in Resources */,
				0AF13A731CDC6F2C00C9BF93 /* ZKLikeCollectionViewCell.xib in Resources */,
				0AF585D71CE5A56100DE8950 /* DMLIST.db in Resources */,
				0AF675A41CCF2EB6002CE56B /* banner__page_selected@2x.png in Resources */,
				0A9605DE1CED4FFA00D04AC1 /* ZKDownLoadingCell.xib in Resources */,
				0A5ED5BD1CEF042800946D9F /* setting_selected@2x.png in Resources */,
				0A98AFBC1CCDE59D00721956 /* LaunchScreen.storyboard in Resources */,
				0AF675A21CCF2EA8002CE56B /* banner__page_unselected@2x.png in Resources */,
				0A5ED5BC1CEF042800946D9F /* search_selected@2x.png in Resources */,
				0AF675B91CCF6B35002CE56B /* MBProgressHUD.bundle in Resources */,
				AB36DF5E1CFD287C00D7816A /* LICENSE in Resources */,
				0AF13A7A1CDC8B1B00C9BF93 /* ZKLikeListView.xib in Resources */,
				0A5B8EE21CE1A66B001C1940 /* ZKDMListCell.xib in Resources */,
				0AEEF1951CD997E80096BC59 /* Assets.xcassets in Resources */,
				0AC466A61CEAE9FA00646E68 /* ZKPageTips.xib in Resources */,
				0A9605E01CED500D00D04AC1 /* ZKDownloadCompleteCell.xib in Resources */,
			);
			runOnlyForDeploymentPostprocessing = 0;
		};
		0A98AFC01CCDE59D00721956 /* Resources */ = {
			isa = PBXResourcesBuildPhase;
			buildActionMask = 2147483647;
			files = (
			);
			runOnlyForDeploymentPostprocessing = 0;
		};
		0A98AFCB1CCDE59D00721956 /* Resources */ = {
			isa = PBXResourcesBuildPhase;
			buildActionMask = 2147483647;
			files = (
			);
			runOnlyForDeploymentPostprocessing = 0;
		};
/* End PBXResourcesBuildPhase section */

/* Begin PBXShellScriptBuildPhase section */
		D8AA131F9030BB21C7D95533 /* Copy Pods Resources */ = {
			isa = PBXShellScriptBuildPhase;
			buildActionMask = 2147483647;
			files = (
			);
			inputPaths = (
			);
			name = "Copy Pods Resources";
			outputPaths = (
			);
			runOnlyForDeploymentPostprocessing = 0;
			shellPath = /bin/sh;
			shellScript = "\"${SRCROOT}/Pods/Target Support Files/Pods/Pods-resources.sh\"\n";
			showEnvVarsInLog = 0;
		};
		DD5824B8E49209CF4E0057AA /* Embed Pods Frameworks */ = {
			isa = PBXShellScriptBuildPhase;
			buildActionMask = 2147483647;
			files = (
			);
			inputPaths = (
			);
			name = "Embed Pods Frameworks";
			outputPaths = (
			);
			runOnlyForDeploymentPostprocessing = 0;
			shellPath = /bin/sh;
			shellScript = "\"${SRCROOT}/Pods/Target Support Files/Pods/Pods-frameworks.sh\"\n";
			showEnvVarsInLog = 0;
		};
		DEBA75E2B673603A7A3CF424 /* Check Pods Manifest.lock */ = {
			isa = PBXShellScriptBuildPhase;
			buildActionMask = 2147483647;
			files = (
			);
			inputPaths = (
			);
			name = "Check Pods Manifest.lock";
			outputPaths = (
			);
			runOnlyForDeploymentPostprocessing = 0;
			shellPath = /bin/sh;
			shellScript = "diff \"${PODS_ROOT}/../Podfile.lock\" \"${PODS_ROOT}/Manifest.lock\" > /dev/null\nif [[ $? != 0 ]] ; then\n    cat << EOM\nerror: The sandbox is not in sync with the Podfile.lock. Run 'pod install' or update your CocoaPods installation.\nEOM\n    exit 1\nfi\n";
			showEnvVarsInLog = 0;
		};
/* End PBXShellScriptBuildPhase section */

/* Begin PBXSourcesBuildPhase section */
		0A98AFA21CCDE59D00721956 /* Sources */ = {
			isa = PBXSourcesBuildPhase;
			buildActionMask = 2147483647;
			files = (
				0AF585D31CE5A17800DE8950 /* ZKDataTools.m in Sources */,
				0A98B05D1CCE59A300721956 /* AutoSlideScrollView.m in Sources */,
				AB36DF651CFD287C00D7816A /* ZFPlayerView.m in Sources */,
				0AC466A11CEAD15300646E68 /* ZKSearchModel.m in Sources */,
				0AF6751E1CCF1756002CE56B /* ZKHomeList.m in Sources */,
				0AF6756C1CCF28F3002CE56B /* UIColor+expanded.m in Sources */,
				AB36DF621CFD287C00D7816A /* ZFPlayerControlView.m in Sources */,
				0AB282101CE5CDB800AA8B02 /* ZKHistoryANDStartCell.m in Sources */,
				AB36DF5F1CFD287C00D7816A /* README.md in Sources */,
				AB36DF601CFD287C00D7816A /* ZFBrightnessView.m in Sources */,
				0AF675C21CD1E3F5002CE56B /* ZKHomeCollectionCell.m in Sources */,
				0A9605DC1CED4FF100D04AC1 /* ZKDownloadCompleteCell.m in Sources */,
				0A5B8EE01CE1A1CD001C1940 /* ZKDMListCell.m in Sources */,
				0AE40B041CD9B21B0069FB80 /* ZKPlayAndDownCell.m in Sources */,
				0A5697E21CCF03DC00F55397 /* ZKHttpTools.m in Sources */,
				0AF675661CCF28F3002CE56B /* NSURL+Common.m in Sources */,
				0A691E9B1CE470B90030BCDE /* ZKPlayANDStarTableVC.m in Sources */,
				0A5697E51CCF04C300F55397 /* NSObject+ZKWebString.m in Sources */,
				0AF675BA1CCF6B35002CE56B /* MBProgressHUD.m in Sources */,
				0AF675721CCF28F3002CE56B /* UIView+Common.m in Sources */,
				0A691E911CE46EDA0030BCDE /* ZKDownLoadController.m in Sources */,
				AB36DF641CFD287C00D7816A /* ZFSessionModel.m in Sources */,
				0A98B0151CCDFC8200721956 /* ZKMainController.m in Sources */,
				0AF675751CCF28F3002CE56B /* UIViewController+BackButtonHandler.m in Sources */,
				0A98B0031CCDE8C000721956 /* ZKSearchController.m in Sources */,
				0A98B0181CCDFCB100721956 /* ZKNavigationController.m in Sources */,
				0AF675631CCF28F3002CE56B /* NSString+Attribute.m in Sources */,
				0A8823C91CD8A43800B05432 /* ZKPlayAndDownloadView.m in Sources */,
				0A5B8EE51CE1A99B001C1940 /* ZKListModel.m in Sources */,
				0AF675CA1CD1FCE9002CE56B /* ZKVideoController.m in Sources */,
				0AF675731CCF28F3002CE56B /* UIView+Frame.m in Sources */,
				0A98AFAE1CCDE59D00721956 /* AppDelegate.m in Sources */,
				0AEA0D961CEDF4E500660989 /* ZKDMListTouchVC.m in Sources */,
				0A98AFAB1CCDE59D00721956 /* main.m in Sources */,
				0A5ED5A61CEEDF3B00946D9F /* AFNetworkReachabilityManager.m in Sources */,
				0A5B8ED71CE183D4001C1940 /* ZKTypeModel.m in Sources */,
				0AF675BB1CCF6B35002CE56B /* MBProgressHUD+Extend.m in Sources */,
				0A98B05F1CCE59A300721956 /* NSTimer+Addition.m in Sources */,
				0A5B8EDD1CE1A13C001C1940 /* ZKDMListVC.m in Sources */,
				0AF675621CCF28F3002CE56B /* NSObject+ObjectMap.m in Sources */,
				0AF13A781CDC8AFF00C9BF93 /* ZKLikeListView.m in Sources */,
				0AF675651CCF28F3002CE56B /* NSTimer+Common.m in Sources */,
				AB36DF631CFD287C00D7816A /* ZFDownloadManager.m in Sources */,
				0AEA0D931CEDB54F00660989 /* ZKSettingModelTool.m in Sources */,
				0A5B8ECE1CE06231001C1940 /* ZKTypeCollection.m in Sources */,
				0AE40B011CD9A7B50069FB80 /* ZKSegmentedControl.m in Sources */,
				0A5ED5A11CEEB17D00946D9F /* ZKDMListTouchView.m in Sources */,
				0A9605D91CED4F9300D04AC1 /* ZKDownLoadingCell.m in Sources */,
				0AF6756D1CCF28F3002CE56B /* UIDevice+Info.m in Sources */,
				0A5697DE1CCF039600F55397 /* UIView+WF.m in Sources */,
				0AF13A711CDC6F2100C9BF93 /* ZKLikeCollectionViewCell.m in Sources */,
				0A691E9F1CE470E00030BCDE /* ZKAboutVC.m in Sources */,
				0AF675741CCF28F3002CE56B /* UIView+PressMenu.m in Sources */,
				0A98AFB71CCDE59D00721956 /* peryi.xcdatamodeld in Sources */,
				0AE40B091CDB26EC0069FB80 /* ZKPlayListCollectionHeader.m in Sources */,
				0A98B0081CCDE8D700721956 /* ZKSettingsController.m in Sources */,
				0AF6756E1CCF28F3002CE56B /* UIImage+Common.m in Sources */,
				0AD84E6E1CF41A6A00DB0357 /* ZKAboutView.m in Sources */,
				0A5B8ED41CE076D3001C1940 /* ZKCollectionTypeCell.m in Sources */,
				0AC234781CD3572C000D6141 /* ZKInfoView.m in Sources */,
				0AEA0D901CEDB42600660989 /* ZKSettingModel.m in Sources */,
				0A5B8ED11CE07099001C1940 /* ZKSearchDisplayController.m in Sources */,
				0AF6756F1CCF28F3002CE56B /* UILabel+Common.m in Sources */,
				0AC466A91CEAF94100646E68 /* NSFileManager+ZKCache.m in Sources */,
				0AC234661CD3483B000D6141 /* ZKDetailAbout.m in Sources */,
				0AC2346C1CD34872000D6141 /* ZKDetailDown.m in Sources */,
				0AF675601CCF28F3002CE56B /* NSMutableString+Common.m in Sources */,
				0AF675691CCF28F3002CE56B /* UIBarButtonItem+Common.m in Sources */,
				0AF675681CCF28F3002CE56B /* UIActionSheet+Front.m in Sources */,
				0AC466A41CEAE9E800646E68 /* ZKPageTips.m in Sources */,
				0AC2346F1CD34887000D6141 /* ZKDetailYourLike.m in Sources */,
				0AF675AD1CCF40E9002CE56B /* NSString+Common.m in Sources */,
				0AC234631CD33DC3000D6141 /* ZKDetailListView.m in Sources */,
				0A98AFF91CCDE88000721956 /* ZKNewController.m in Sources */,
				0AF6751B1CCF1710002CE56B /* ZKSlideView.m in Sources */,
				0A98AFF41CCDE86D00721956 /* ZKHomeController.m in Sources */,
				0AC234691CD34854000D6141 /* ZKDetailPlay.m in Sources */,
			);
			runOnlyForDeploymentPostprocessing = 0;
		};
		0A98AFBE1CCDE59D00721956 /* Sources */ = {
			isa = PBXSourcesBuildPhase;
			buildActionMask = 2147483647;
			files = (
				0A98AFC71CCDE59D00721956 /* peryiTests.m in Sources */,
				0A98AFF51CCDE86D00721956 /* ZKHomeController.m in Sources */,
				0A98B05E1CCE59A300721956 /* AutoSlideScrollView.m in Sources */,
				0AF675C31CD1E3F5002CE56B /* ZKHomeCollectionCell.m in Sources */,
				0AF675CB1CD1FCE9002CE56B /* ZKVideoController.m in Sources */,
				0A98B0091CCDE8D700721956 /* ZKSettingsController.m in Sources */,
				0A98B0041CCDE8C000721956 /* ZKSearchController.m in Sources */,
				0A98B0191CCDFCB100721956 /* ZKNavigationController.m in Sources */,
				0A98B0601CCE59A300721956 /* NSTimer+Addition.m in Sources */,
				0A98AFFA1CCDE88000721956 /* ZKNewController.m in Sources */,
			);
			runOnlyForDeploymentPostprocessing = 0;
		};
		0A98AFC91CCDE59D00721956 /* Sources */ = {
			isa = PBXSourcesBuildPhase;
			buildActionMask = 2147483647;
			files = (
				0A98AFD21CCDE59D00721956 /* peryiUITests.m in Sources */,
				0A98AFF61CCDE86D00721956 /* ZKHomeController.m in Sources */,
				0A98B00A1CCDE8D700721956 /* ZKSettingsController.m in Sources */,
				0A98B0051CCDE8C000721956 /* ZKSearchController.m in Sources */,
				0A98AFFB1CCDE88000721956 /* ZKNewController.m in Sources */,
			);
			runOnlyForDeploymentPostprocessing = 0;
		};
/* End PBXSourcesBuildPhase section */

/* Begin PBXTargetDependency section */
		0A98AFC41CCDE59D00721956 /* PBXTargetDependency */ = {
			isa = PBXTargetDependency;
			target = 0A98AFA51CCDE59D00721956 /* peryi */;
			targetProxy = 0A98AFC31CCDE59D00721956 /* PBXContainerItemProxy */;
		};
		0A98AFCF1CCDE59D00721956 /* PBXTargetDependency */ = {
			isa = PBXTargetDependency;
			target = 0A98AFA51CCDE59D00721956 /* peryi */;
			targetProxy = 0A98AFCE1CCDE59D00721956 /* PBXContainerItemProxy */;
		};
/* End PBXTargetDependency section */

/* Begin PBXVariantGroup section */
		0A98AFBA1CCDE59D00721956 /* LaunchScreen.storyboard */ = {
			isa = PBXVariantGroup;
			children = (
				0A98AFBB1CCDE59D00721956 /* Base */,
			);
			name = LaunchScreen.storyboard;
			sourceTree = "<group>";
		};
/* End PBXVariantGroup section */

/* Begin XCBuildConfiguration section */
		0A98AFD41CCDE59D00721956 /* Debug */ = {
			isa = XCBuildConfiguration;
			buildSettings = {
				ALWAYS_SEARCH_USER_PATHS = NO;
				CLANG_ANALYZER_NONNULL = YES;
				CLANG_CXX_LANGUAGE_STANDARD = "gnu++0x";
				CLANG_CXX_LIBRARY = "libc++";
				CLANG_ENABLE_MODULES = YES;
				CLANG_ENABLE_OBJC_ARC = YES;
				CLANG_WARN_BOOL_CONVERSION = YES;
				CLANG_WARN_CONSTANT_CONVERSION = YES;
				CLANG_WARN_DIRECT_OBJC_ISA_USAGE = YES_ERROR;
				CLANG_WARN_EMPTY_BODY = YES;
				CLANG_WARN_ENUM_CONVERSION = YES;
				CLANG_WARN_INT_CONVERSION = YES;
				CLANG_WARN_OBJC_ROOT_CLASS = YES_ERROR;
				CLANG_WARN_UNREACHABLE_CODE = YES;
				CLANG_WARN__DUPLICATE_METHOD_MATCH = YES;
				"CODE_SIGN_IDENTITY[sdk=iphoneos*]" = "iPhone Developer";
				COPY_PHASE_STRIP = NO;
				DEBUG_INFORMATION_FORMAT = dwarf;
				ENABLE_STRICT_OBJC_MSGSEND = YES;
				ENABLE_TESTABILITY = YES;
				GCC_C_LANGUAGE_STANDARD = gnu99;
				GCC_DYNAMIC_NO_PIC = NO;
				GCC_NO_COMMON_BLOCKS = YES;
				GCC_OPTIMIZATION_LEVEL = 0;
				GCC_PREPROCESSOR_DEFINITIONS = (
					"DEBUG=1",
					"$(inherited)",
				);
				GCC_WARN_64_TO_32_BIT_CONVERSION = YES;
				GCC_WARN_ABOUT_RETURN_TYPE = YES_ERROR;
				GCC_WARN_UNDECLARED_SELECTOR = YES;
				GCC_WARN_UNINITIALIZED_AUTOS = YES_AGGRESSIVE;
				GCC_WARN_UNUSED_FUNCTION = YES;
				GCC_WARN_UNUSED_VARIABLE = YES;
				IPHONEOS_DEPLOYMENT_TARGET = 9.3;
				MTL_ENABLE_DEBUG_INFO = YES;
				ONLY_ACTIVE_ARCH = YES;
				SDKROOT = iphoneos;
			};
			name = Debug;
		};
		0A98AFD51CCDE59D00721956 /* Release */ = {
			isa = XCBuildConfiguration;
			buildSettings = {
				ALWAYS_SEARCH_USER_PATHS = NO;
				CLANG_ANALYZER_NONNULL = YES;
				CLANG_CXX_LANGUAGE_STANDARD = "gnu++0x";
				CLANG_CXX_LIBRARY = "libc++";
				CLANG_ENABLE_MODULES = YES;
				CLANG_ENABLE_OBJC_ARC = YES;
				CLANG_WARN_BOOL_CONVERSION = YES;
				CLANG_WARN_CONSTANT_CONVERSION = YES;
				CLANG_WARN_DIRECT_OBJC_ISA_USAGE = YES_ERROR;
				CLANG_WARN_EMPTY_BODY = YES;
				CLANG_WARN_ENUM_CONVERSION = YES;
				CLANG_WARN_INT_CONVERSION = YES;
				CLANG_WARN_OBJC_ROOT_CLASS = YES_ERROR;
				CLANG_WARN_UNREACHABLE_CODE = YES;
				CLANG_WARN__DUPLICATE_METHOD_MATCH = YES;
				"CODE_SIGN_IDENTITY[sdk=iphoneos*]" = "iPhone Developer";
				COPY_PHASE_STRIP = NO;
				DEBUG_INFORMATION_FORMAT = "dwarf-with-dsym";
				ENABLE_NS_ASSERTIONS = NO;
				ENABLE_STRICT_OBJC_MSGSEND = YES;
				GCC_C_LANGUAGE_STANDARD = gnu99;
				GCC_NO_COMMON_BLOCKS = YES;
				GCC_WARN_64_TO_32_BIT_CONVERSION = YES;
				GCC_WARN_ABOUT_RETURN_TYPE = YES_ERROR;
				GCC_WARN_UNDECLARED_SELECTOR = YES;
				GCC_WARN_UNINITIALIZED_AUTOS = YES_AGGRESSIVE;
				GCC_WARN_UNUSED_FUNCTION = YES;
				GCC_WARN_UNUSED_VARIABLE = YES;
				IPHONEOS_DEPLOYMENT_TARGET = 9.3;
				MTL_ENABLE_DEBUG_INFO = NO;
				SDKROOT = iphoneos;
				VALIDATE_PRODUCT = YES;
			};
			name = Release;
		};
		0A98AFD71CCDE59D00721956 /* Debug */ = {
			isa = XCBuildConfiguration;
			baseConfigurationReference = 163565F221DD6E38340B6102 /* Pods.debug.xcconfig */;
			buildSettings = {
				ASSETCATALOG_COMPILER_APPICON_NAME = AppIcon;
				CODE_SIGN_IDENTITY = "iPhone Developer";
				GCC_PRECOMPILE_PREFIX_HEADER = YES;
				GCC_PREFIX_HEADER = peryi/Classes/Others/PeryiHeader.pch;
				INFOPLIST_FILE = peryi/Info.plist;
				IPHONEOS_DEPLOYMENT_TARGET = 8.0;
				LD_RUNPATH_SEARCH_PATHS = "$(inherited) @executable_path/Frameworks";
				PRODUCT_BUNDLE_IDENTIFIER = K.Peryi;
				PRODUCT_NAME = "$(TARGET_NAME)";
			};
			name = Debug;
		};
		0A98AFD81CCDE59D00721956 /* Release */ = {
			isa = XCBuildConfiguration;
			baseConfigurationReference = B30C00AEA65989715D7217E4 /* Pods.release.xcconfig */;
			buildSettings = {
				ASSETCATALOG_COMPILER_APPICON_NAME = AppIcon;
				CODE_SIGN_IDENTITY = "iPhone Developer";
				GCC_PRECOMPILE_PREFIX_HEADER = YES;
				GCC_PREFIX_HEADER = peryi/Classes/Others/PeryiHeader.pch;
				INFOPLIST_FILE = peryi/Info.plist;
				IPHONEOS_DEPLOYMENT_TARGET = 8.0;
				LD_RUNPATH_SEARCH_PATHS = "$(inherited) @executable_path/Frameworks";
				PRODUCT_BUNDLE_IDENTIFIER = K.Peryi;
				PRODUCT_NAME = "$(TARGET_NAME)";
			};
			name = Release;
		};
		0A98AFDA1CCDE59D00721956 /* Debug */ = {
			isa = XCBuildConfiguration;
			buildSettings = {
				BUNDLE_LOADER = "$(TEST_HOST)";
				INFOPLIST_FILE = peryiTests/Info.plist;
				LD_RUNPATH_SEARCH_PATHS = "$(inherited) @executable_path/Frameworks @loader_path/Frameworks";
				PRODUCT_BUNDLE_IDENTIFIER = ZK.peryiTests;
				PRODUCT_NAME = "$(TARGET_NAME)";
				TEST_HOST = "$(BUILT_PRODUCTS_DIR)/peryi.app/peryi";
			};
			name = Debug;
		};
		0A98AFDB1CCDE59D00721956 /* Release */ = {
			isa = XCBuildConfiguration;
			buildSettings = {
				BUNDLE_LOADER = "$(TEST_HOST)";
				INFOPLIST_FILE = peryiTests/Info.plist;
				LD_RUNPATH_SEARCH_PATHS = "$(inherited) @executable_path/Frameworks @loader_path/Frameworks";
				PRODUCT_BUNDLE_IDENTIFIER = ZK.peryiTests;
				PRODUCT_NAME = "$(TARGET_NAME)";
				TEST_HOST = "$(BUILT_PRODUCTS_DIR)/peryi.app/peryi";
			};
			name = Release;
		};
		0A98AFDD1CCDE59D00721956 /* Debug */ = {
			isa = XCBuildConfiguration;
			buildSettings = {
				INFOPLIST_FILE = peryiUITests/Info.plist;
				LD_RUNPATH_SEARCH_PATHS = "$(inherited) @executable_path/Frameworks @loader_path/Frameworks";
				PRODUCT_BUNDLE_IDENTIFIER = ZK.peryiUITests;
				PRODUCT_NAME = "$(TARGET_NAME)";
				TEST_TARGET_NAME = peryi;
			};
			name = Debug;
		};
		0A98AFDE1CCDE59D00721956 /* Release */ = {
			isa = XCBuildConfiguration;
			buildSettings = {
				INFOPLIST_FILE = peryiUITests/Info.plist;
				LD_RUNPATH_SEARCH_PATHS = "$(inherited) @executable_path/Frameworks @loader_path/Frameworks";
				PRODUCT_BUNDLE_IDENTIFIER = ZK.peryiUITests;
				PRODUCT_NAME = "$(TARGET_NAME)";
				TEST_TARGET_NAME = peryi;
			};
			name = Release;
		};
/* End XCBuildConfiguration section */

/* Begin XCConfigurationList section */
		0A98AFA11CCDE59D00721956 /* Build configuration list for PBXProject "peryi" */ = {
			isa = XCConfigurationList;
			buildConfigurations = (
				0A98AFD41CCDE59D00721956 /* Debug */,
				0A98AFD51CCDE59D00721956 /* Release */,
			);
			defaultConfigurationIsVisible = 0;
			defaultConfigurationName = Release;
		};
		0A98AFD61CCDE59D00721956 /* Build configuration list for PBXNativeTarget "peryi" */ = {
			isa = XCConfigurationList;
			buildConfigurations = (
				0A98AFD71CCDE59D00721956 /* Debug */,
				0A98AFD81CCDE59D00721956 /* Release */,
			);
			defaultConfigurationIsVisible = 0;
			defaultConfigurationName = Release;
		};
		0A98AFD91CCDE59D00721956 /* Build configuration list for PBXNativeTarget "peryiTests" */ = {
			isa = XCConfigurationList;
			buildConfigurations = (
				0A98AFDA1CCDE59D00721956 /* Debug */,
				0A98AFDB1CCDE59D00721956 /* Release */,
			);
			defaultConfigurationIsVisible = 0;
			defaultConfigurationName = Release;
		};
		0A98AFDC1CCDE59D00721956 /* Build configuration list for PBXNativeTarget "peryiUITests" */ = {
			isa = XCConfigurationList;
			buildConfigurations = (
				0A98AFDD1CCDE59D00721956 /* Debug */,
				0A98AFDE1CCDE59D00721956 /* Release */,
			);
			defaultConfigurationIsVisible = 0;
			defaultConfigurationName = Release;
		};
/* End XCConfigurationList section */

/* Begin XCVersionGroup section */
		0A98AFB51CCDE59D00721956 /* peryi.xcdatamodeld */ = {
			isa = XCVersionGroup;
			children = (
				0A98AFB61CCDE59D00721956 /* peryi.xcdatamodel */,
			);
			currentVersion = 0A98AFB61CCDE59D00721956 /* peryi.xcdatamodel */;
			path = peryi.xcdatamodeld;
			sourceTree = "<group>";
			versionGroupType = wrapper.xcdatamodel;
		};
/* End XCVersionGroup section */
	};
	rootObject = 0A98AF9E1CCDE59D00721956 /* Project object */;
}
